// !$*UTF8*$!
{
	archiveVersion = 1;
	classes = {
	};
	objectVersion = 46;
	objects = {

/* Begin PBXBuildFile section */
		9E115C7B1FB9841F0002A7F4 /* JPFPSStatus.m in Sources */ = {isa = PBXBuildFile; fileRef = 9E115C7A1FB9841E0002A7F4 /* JPFPSStatus.m */; };
		9E115C811FB984E40002A7F4 /* UIView+EBAddMessage.m in Sources */ = {isa = PBXBuildFile; fileRef = 9E115C801FB984E40002A7F4 /* UIView+EBAddMessage.m */; };
		9E18ACDE211935810048A92B /* IceTextView.m in Sources */ = {isa = PBXBuildFile; fileRef = 9E18ACDD211935800048A92B /* IceTextView.m */; };
		9E18ACE3211943110048A92B /* NEUBase64.m in Sources */ = {isa = PBXBuildFile; fileRef = 9E18ACE0211943100048A92B /* NEUBase64.m */; };
		9E18ACEC21198D0C0048A92B /* NSString+RXUtility.m in Sources */ = {isa = PBXBuildFile; fileRef = 9E18ACEB21198D0C0048A92B /* NSString+RXUtility.m */; };
		9E18ACF121198F8E0048A92B /* NSData+NEUAES.m in Sources */ = {isa = PBXBuildFile; fileRef = 9E18ACED21198F8D0048A92B /* NSData+NEUAES.m */; };
		9E18ACF52119973E0048A92B /* AES128Util.m in Sources */ = {isa = PBXBuildFile; fileRef = 9E18ACF42119973E0048A92B /* AES128Util.m */; };
		9E657E5F20C13B9F00C64410 /* NSData+AES128.m in Sources */ = {isa = PBXBuildFile; fileRef = 9E657E5E20C13B9F00C64410 /* NSData+AES128.m */; };
		9E657E6220C13BE500C64410 /* FSAES128.m in Sources */ = {isa = PBXBuildFile; fileRef = 9E657E6120C13BE500C64410 /* FSAES128.m */; };
		9E74712E20D0F67600D28D19 /* TPLoanViewController.m in Sources */ = {isa = PBXBuildFile; fileRef = 9E74712C20D0F67500D28D19 /* TPLoanViewController.m */; };
		9E74C3D6222CC7A600A62FBA /* QRCodeView.m in Sources */ = {isa = PBXBuildFile; fileRef = 9E74C3D0222CC7A600A62FBA /* QRCodeView.m */; };
		9E74C3D7222CC7A600A62FBA /* QRCodeRectViewVC.m in Sources */ = {isa = PBXBuildFile; fileRef = 9E74C3D1222CC7A600A62FBA /* QRCodeRectViewVC.m */; };
		9E74C3D8222CC7A600A62FBA /* VideoDeviceAuthorization.m in Sources */ = {isa = PBXBuildFile; fileRef = 9E74C3D2222CC7A600A62FBA /* VideoDeviceAuthorization.m */; };
		9E74C3D9222CC7A600A62FBA /* CutOutClearView.m in Sources */ = {isa = PBXBuildFile; fileRef = 9E74C3D3222CC7A600A62FBA /* CutOutClearView.m */; };
		9E9336CF244959D300926831 /* UIImage+Extension.m in Sources */ = {isa = PBXBuildFile; fileRef = 9E9336CB244959D300926831 /* UIImage+Extension.m */; };
		9E9336D0244959D300926831 /* IceTextField.m in Sources */ = {isa = PBXBuildFile; fileRef = 9E9336CE244959D300926831 /* IceTextField.m */; };
		9E9336D324495A0600926831 /* EBPageView.m in Sources */ = {isa = PBXBuildFile; fileRef = 9E9336D224495A0600926831 /* EBPageView.m */; };
		9EFFC64E1FB1608E00FAB094 /* UIImageView+CornerRadius.m in Sources */ = {isa = PBXBuildFile; fileRef = 9EFFC64D1FB1608E00FAB094 /* UIImageView+CornerRadius.m */; };
		9EFFC6511FB19B3D00FAB094 /* EPAlertViewShow.m in Sources */ = {isa = PBXBuildFile; fileRef = 9EFFC64F1FB19B3C00FAB094 /* EPAlertViewShow.m */; };
		9EFFC6541FB1A23B00FAB094 /* ShowPhotoVC.m in Sources */ = {isa = PBXBuildFile; fileRef = 9EFFC6531FB1A23B00FAB094 /* ShowPhotoVC.m */; };
		9EFFC6571FB1A4FD00FAB094 /* IceImageView.m in Sources */ = {isa = PBXBuildFile; fileRef = 9EFFC6561FB1A4FD00FAB094 /* IceImageView.m */; };
		A04900091D54705A009E4CCC /* FirstViewController.m in Sources */ = {isa = PBXBuildFile; fileRef = A04900081D54705A009E4CCC /* FirstViewController.m */; };
		A049000C1D547068009E4CCC /* SecondViewController.m in Sources */ = {isa = PBXBuildFile; fileRef = A049000B1D547068009E4CCC /* SecondViewController.m */; };
		A049000F1D54706F009E4CCC /* ThirdViewController.m in Sources */ = {isa = PBXBuildFile; fileRef = A049000E1D54706F009E4CCC /* ThirdViewController.m */; };
		A049001C1D548097009E4CCC /* ForthViewController.m in Sources */ = {isa = PBXBuildFile; fileRef = A049001B1D548097009E4CCC /* ForthViewController.m */; };
		A049002E1D548F07009E4CCC /* IceNavigationController.m in Sources */ = {isa = PBXBuildFile; fileRef = A04900251D548F07009E4CCC /* IceNavigationController.m */; };
		A049002F1D548F07009E4CCC /* IceTabBar.m in Sources */ = {isa = PBXBuildFile; fileRef = A04900271D548F07009E4CCC /* IceTabBar.m */; };
		A04900301D548F07009E4CCC /* IceTabBarController.m in Sources */ = {isa = PBXBuildFile; fileRef = A04900291D548F07009E4CCC /* IceTabBarController.m */; };
		A04900311D548F07009E4CCC /* IceTableViewController.m in Sources */ = {isa = PBXBuildFile; fileRef = A049002B1D548F07009E4CCC /* IceTableViewController.m */; };
		A04900321D548F07009E4CCC /* IceViewController.m in Sources */ = {isa = PBXBuildFile; fileRef = A049002D1D548F07009E4CCC /* IceViewController.m */; };
		A04900371D548F0E009E4CCC /* AppDelegate.m in Sources */ = {isa = PBXBuildFile; fileRef = A04900351D548F0E009E4CCC /* AppDelegate.m */; };
		A04900381D548F0E009E4CCC /* main.m in Sources */ = {isa = PBXBuildFile; fileRef = A04900361D548F0E009E4CCC /* main.m */; };
		A04900521D5490AB009E4CCC /* UIView+Extension.m in Sources */ = {isa = PBXBuildFile; fileRef = A04900511D5490AB009E4CCC /* UIView+Extension.m */; };
		A04900551D549122009E4CCC /* ViewController.m in Sources */ = {isa = PBXBuildFile; fileRef = A04900541D549122009E4CCC /* ViewController.m */; };
		A04900591D54930E009E4CCC /* SMGlobalMethod.m in Sources */ = {isa = PBXBuildFile; fileRef = A04900581D54930E009E4CCC /* SMGlobalMethod.m */; };
		A049005C1D549729009E4CCC /* SLUChatToolBar.m in Sources */ = {isa = PBXBuildFile; fileRef = A049005B1D549729009E4CCC /* SLUChatToolBar.m */; };
		A053D69B1D2F31A700102A55 /* Main.storyboard in Resources */ = {isa = PBXBuildFile; fileRef = A053D6991D2F31A700102A55 /* Main.storyboard */; };
		A053D69D1D2F31A700102A55 /* Assets.xcassets in Resources */ = {isa = PBXBuildFile; fileRef = A053D69C1D2F31A700102A55 /* Assets.xcassets */; };
		A053D6A01D2F31A700102A55 /* LaunchScreen.storyboard in Resources */ = {isa = PBXBuildFile; fileRef = A053D69E1D2F31A700102A55 /* LaunchScreen.storyboard */; };
		A053D6AB1D2F31A700102A55 /* IceKuangjiaTests.m in Sources */ = {isa = PBXBuildFile; fileRef = A053D6AA1D2F31A700102A55 /* IceKuangjiaTests.m */; };
		A053D6B61D2F31A700102A55 /* IceKuangjiaUITests.m in Sources */ = {isa = PBXBuildFile; fileRef = A053D6B51D2F31A700102A55 /* IceKuangjiaUITests.m */; };
		A0DC53611D6FDE33000CE11B /* IceCirculationView.m in Sources */ = {isa = PBXBuildFile; fileRef = A0DC53601D6FDE33000CE11B /* IceCirculationView.m */; };
		C57B523B1E8E45F90074811D /* TimeHelper.m in Sources */ = {isa = PBXBuildFile; fileRef = C57B523A1E8E45F90074811D /* TimeHelper.m */; };
		C63B4EE71ED7DB3D00436190 /* 0.jpg in Resources */ = {isa = PBXBuildFile; fileRef = C63B4EDF1ED7DB3D00436190 /* 0.jpg */; };
		C63B4EE81ED7DB3D00436190 /* 1.jpg in Resources */ = {isa = PBXBuildFile; fileRef = C63B4EE01ED7DB3D00436190 /* 1.jpg */; };
		C63B4EE91ED7DB3D00436190 /* 2.jpg in Resources */ = {isa = PBXBuildFile; fileRef = C63B4EE11ED7DB3D00436190 /* 2.jpg */; };
		C63B4EEA1ED7DB3D00436190 /* 3.jpg in Resources */ = {isa = PBXBuildFile; fileRef = C63B4EE21ED7DB3D00436190 /* 3.jpg */; };
		C63B4EEB1ED7DB3D00436190 /* 4.jpg in Resources */ = {isa = PBXBuildFile; fileRef = C63B4EE31ED7DB3D00436190 /* 4.jpg */; };
		C63B4EEC1ED7DB3D00436190 /* 5.jpg in Resources */ = {isa = PBXBuildFile; fileRef = C63B4EE41ED7DB3D00436190 /* 5.jpg */; };
		C63B4EED1ED7DB3D00436190 /* 6.jpg in Resources */ = {isa = PBXBuildFile; fileRef = C63B4EE51ED7DB3D00436190 /* 6.jpg */; };
		C63B4EEE1ED7DB3D00436190 /* 7.jpg in Resources */ = {isa = PBXBuildFile; fileRef = C63B4EE61ED7DB3D00436190 /* 7.jpg */; };
		C6425AA91F20934A00A36A68 /* EPGetAddress.m in Sources */ = {isa = PBXBuildFile; fileRef = C6425AA81F20934A00A36A68 /* EPGetAddress.m */; };
		C67710FC1F3868D3006F931E /* ViewControllerDemoFour.m in Sources */ = {isa = PBXBuildFile; fileRef = C67710F71F3868D3006F931E /* ViewControllerDemoFour.m */; };
		C67710FD1F3868D3006F931E /* ViewControllerDemoFive.m in Sources */ = {isa = PBXBuildFile; fileRef = C67710F91F3868D3006F931E /* ViewControllerDemoFive.m */; };
		C67710FE1F3868D3006F931E /* ViewControllerSix.m in Sources */ = {isa = PBXBuildFile; fileRef = C67710FB1F3868D3006F931E /* ViewControllerSix.m */; };
		C677110E1F3868E6006F931E /* UIColor+DDF.m in Sources */ = {isa = PBXBuildFile; fileRef = C67711011F3868E6006F931E /* UIColor+DDF.m */; };
		C677110F1F3868E6006F931E /* UIDevice+CJ.m in Sources */ = {isa = PBXBuildFile; fileRef = C67711031F3868E6006F931E /* UIDevice+CJ.m */; };
		C67711101F3868E6006F931E /* UIImage+DDF.m in Sources */ = {isa = PBXBuildFile; fileRef = C67711051F3868E6006F931E /* UIImage+DDF.m */; };
		C67711111F3868E6006F931E /* UINavigationBar+CJ.m in Sources */ = {isa = PBXBuildFile; fileRef = C67711071F3868E6006F931E /* UINavigationBar+CJ.m */; };
		C67711121F3868E6006F931E /* UITabBar+badge.m in Sources */ = {isa = PBXBuildFile; fileRef = C67711091F3868E6006F931E /* UITabBar+badge.m */; };
		C67711131F3868E6006F931E /* UIView+AutoLayout.m in Sources */ = {isa = PBXBuildFile; fileRef = C677110B1F3868E6006F931E /* UIView+AutoLayout.m */; };
		C6777DEE1F29CC8D00093A37 /* IceCutScreen.m in Sources */ = {isa = PBXBuildFile; fileRef = C6777DED1F29CC8D00093A37 /* IceCutScreen.m */; };
		C68C40F21F28939100FFF310 /* WBStatusHelper.m in Sources */ = {isa = PBXBuildFile; fileRef = C68C40E71F28939100FFF310 /* WBStatusHelper.m */; };
		C68C40F31F28939100FFF310 /* WBEmoticonInputView.m in Sources */ = {isa = PBXBuildFile; fileRef = C68C40E91F28939100FFF310 /* WBEmoticonInputView.m */; };
		C68C40F41F28939100FFF310 /* WBStatusComposeTextParser.m in Sources */ = {isa = PBXBuildFile; fileRef = C68C40EB1F28939100FFF310 /* WBStatusComposeTextParser.m */; };
		C68C40F51F28939100FFF310 /* WBModel.m in Sources */ = {isa = PBXBuildFile; fileRef = C68C40ED1F28939100FFF310 /* WBModel.m */; };
		C68C40F61F28939100FFF310 /* EmotionModel.m in Sources */ = {isa = PBXBuildFile; fileRef = C68C40EF1F28939100FFF310 /* EmotionModel.m */; };
		C68C40F71F28939100FFF310 /* EmoticonInputView.m in Sources */ = {isa = PBXBuildFile; fileRef = C68C40F11F28939100FFF310 /* EmoticonInputView.m */; };
		C68C41171F2893EF00FFF310 /* ResourceTwitter.bundle in Resources */ = {isa = PBXBuildFile; fileRef = C68C40F91F2893EF00FFF310 /* ResourceTwitter.bundle */; };
		C68C41181F2893EF00FFF310 /* ResourceWeibo.bundle in Resources */ = {isa = PBXBuildFile; fileRef = C68C40FA1F2893EF00FFF310 /* ResourceWeibo.bundle */; };
		C68C41191F2893EF00FFF310 /* EmoticonWeibo.bundle in Resources */ = {isa = PBXBuildFile; fileRef = C68C40FB1F2893EF00FFF310 /* EmoticonWeibo.bundle */; };
		C68C411A1F2893EF00FFF310 /* EmoticonQQ.bundle in Resources */ = {isa = PBXBuildFile; fileRef = C68C40FC1F2893EF00FFF310 /* EmoticonQQ.bundle */; };
		C68C411B1F2893EF00FFF310 /* niconiconi@2x.gif in Resources */ = {isa = PBXBuildFile; fileRef = C68C40FD1F2893EF00FFF310 /* niconiconi@2x.gif */; };
		C68C411C1F2893EF00FFF310 /* google@2x.webp in Resources */ = {isa = PBXBuildFile; fileRef = C68C40FE1F2893EF00FFF310 /* google@2x.webp */; };
		C68C411D1F2893EF00FFF310 /* nyancat@2x.webp in Resources */ = {isa = PBXBuildFile; fileRef = C68C40FF1F2893EF00FFF310 /* nyancat@2x.webp */; };
		C68C411E1F2893EF00FFF310 /* pia@2x.png in Resources */ = {isa = PBXBuildFile; fileRef = C68C41001F2893EF00FFF310 /* pia@2x.png */; };
		C68C411F1F2893EF00FFF310 /* cube@2x.png in Resources */ = {isa = PBXBuildFile; fileRef = C68C41011F2893EF00FFF310 /* cube@2x.png */; };
		C68C41201F2893EF00FFF310 /* wall-e@2x.webp in Resources */ = {isa = PBXBuildFile; fileRef = C68C41021F2893EF00FFF310 /* wall-e@2x.webp */; };
		C68C41211F2893EF00FFF310 /* mew_baseline.jpg in Resources */ = {isa = PBXBuildFile; fileRef = C68C41031F2893EF00FFF310 /* mew_baseline.jpg */; };
		C68C41221F2893EF00FFF310 /* mew_progressive.jpg in Resources */ = {isa = PBXBuildFile; fileRef = C68C41041F2893EF00FFF310 /* mew_progressive.jpg */; };
		C68C41231F2893EF00FFF310 /* mew_baseline.png in Resources */ = {isa = PBXBuildFile; fileRef = C68C41051F2893EF00FFF310 /* mew_baseline.png */; };
		C68C41241F2893EF00FFF310 /* mew_interlaced.png in Resources */ = {isa = PBXBuildFile; fileRef = C68C41061F2893EF00FFF310 /* mew_interlaced.png */; };
		C68C41251F2893EF00FFF310 /* mew_baseline.gif in Resources */ = {isa = PBXBuildFile; fileRef = C68C41071F2893EF00FFF310 /* mew_baseline.gif */; };
		C68C41261F2893EF00FFF310 /* mew_interlaced.gif in Resources */ = {isa = PBXBuildFile; fileRef = C68C41081F2893EF00FFF310 /* mew_interlaced.gif */; };
		C68C41271F2893EF00FFF310 /* Twitter@3x.jpg in Resources */ = {isa = PBXBuildFile; fileRef = C68C41091F2893EF00FFF310 /* Twitter@3x.jpg */; };
		C68C41281F2893EF00FFF310 /* Weibo@3x.jpg in Resources */ = {isa = PBXBuildFile; fileRef = C68C410A1F2893EF00FFF310 /* Weibo@3x.jpg */; };
		C68C41291F2893EF00FFF310 /* dribbble64_imageio.png in Resources */ = {isa = PBXBuildFile; fileRef = C68C410B1F2893EF00FFF310 /* dribbble64_imageio.png */; };
		C68C412A1F2893EF00FFF310 /* dribbble128_imageio.png in Resources */ = {isa = PBXBuildFile; fileRef = C68C410C1F2893EF00FFF310 /* dribbble128_imageio.png */; };
		C68C412B1F2893EF00FFF310 /* dribbble256_imageio.png in Resources */ = {isa = PBXBuildFile; fileRef = C68C410D1F2893EF00FFF310 /* dribbble256_imageio.png */; };
		C68C412C1F2893EF00FFF310 /* dribbble512_imageio.png in Resources */ = {isa = PBXBuildFile; fileRef = C68C410E1F2893EF00FFF310 /* dribbble512_imageio.png */; };
		C68C412D1F2893EF00FFF310 /* ermilio_q15.bpg in Resources */ = {isa = PBXBuildFile; fileRef = C68C410F1F2893EF00FFF310 /* ermilio_q15.bpg */; };
		C68C412E1F2893EF00FFF310 /* ermilio_q20.bpg in Resources */ = {isa = PBXBuildFile; fileRef = C68C41101F2893EF00FFF310 /* ermilio_q20.bpg */; };
		C68C412F1F2893EF00FFF310 /* ermilio_lossless.bpg in Resources */ = {isa = PBXBuildFile; fileRef = C68C41111F2893EF00FFF310 /* ermilio_lossless.bpg */; };
		C68C41301F2893EF00FFF310 /* ermilio_q85.webp in Resources */ = {isa = PBXBuildFile; fileRef = C68C41121F2893EF00FFF310 /* ermilio_q85.webp */; };
		C68C41311F2893EF00FFF310 /* ermilio_q90.webp in Resources */ = {isa = PBXBuildFile; fileRef = C68C41131F2893EF00FFF310 /* ermilio_q90.webp */; };
		C68C41321F2893EF00FFF310 /* ermilio_lossless.webp in Resources */ = {isa = PBXBuildFile; fileRef = C68C41141F2893EF00FFF310 /* ermilio_lossless.webp */; };
		C68C41331F2893EF00FFF310 /* ermilio.gif in Resources */ = {isa = PBXBuildFile; fileRef = C68C41151F2893EF00FFF310 /* ermilio.gif */; };
		C68C41341F2893EF00FFF310 /* ermilio.png in Resources */ = {isa = PBXBuildFile; fileRef = C68C41161F2893EF00FFF310 /* ermilio.png */; };
		C6A765401EF1245C0042A0C5 /* HWHttpTool.m in Sources */ = {isa = PBXBuildFile; fileRef = C6A7653F1EF1245C0042A0C5 /* HWHttpTool.m */; };
		C6D1BD641F3031D700C38072 /* GetPhotoToolBar.m in Sources */ = {isa = PBXBuildFile; fileRef = C6D1BD631F3031D700C38072 /* GetPhotoToolBar.m */; };
		C6F2462B1F318481008BB1C1 /* KeyChainStore.m in Sources */ = {isa = PBXBuildFile; fileRef = C6F2462A1F318481008BB1C1 /* KeyChainStore.m */; };
		DF6337828AE8C1FE6B82F1DB /* Pods_IceKuangjia.framework in Frameworks */ = {isa = PBXBuildFile; fileRef = 07F55777BB5A588A099A118E /* Pods_IceKuangjia.framework */; };
/* End PBXBuildFile section */

/* Begin PBXContainerItemProxy section */
		A053D6A71D2F31A700102A55 /* PBXContainerItemProxy */ = {
			isa = PBXContainerItemProxy;
			containerPortal = A053D6851D2F31A700102A55 /* Project object */;
			proxyType = 1;
			remoteGlobalIDString = A053D68C1D2F31A700102A55;
			remoteInfo = IceKuangjia;
		};
		A053D6B21D2F31A700102A55 /* PBXContainerItemProxy */ = {
			isa = PBXContainerItemProxy;
			containerPortal = A053D6851D2F31A700102A55 /* Project object */;
			proxyType = 1;
			remoteGlobalIDString = A053D68C1D2F31A700102A55;
			remoteInfo = IceKuangjia;
		};
/* End PBXContainerItemProxy section */

/* Begin PBXFileReference section */
		07F55777BB5A588A099A118E /* Pods_IceKuangjia.framework */ = {isa = PBXFileReference; explicitFileType = wrapper.framework; includeInIndex = 0; path = Pods_IceKuangjia.framework; sourceTree = BUILT_PRODUCTS_DIR; };
		39E4DD776DA925A656C12EEE /* Pods-IceKuangjia.debug.xcconfig */ = {isa = PBXFileReference; includeInIndex = 1; lastKnownFileType = text.xcconfig; name = "Pods-IceKuangjia.debug.xcconfig"; path = "Pods/Target Support Files/Pods-IceKuangjia/Pods-IceKuangjia.debug.xcconfig"; sourceTree = "<group>"; };
		9E115C791FB9841E0002A7F4 /* JPFPSStatus.h */ = {isa = PBXFileReference; fileEncoding = 4; lastKnownFileType = sourcecode.c.h; path = JPFPSStatus.h; sourceTree = "<group>"; };
		9E115C7A1FB9841E0002A7F4 /* JPFPSStatus.m */ = {isa = PBXFileReference; fileEncoding = 4; lastKnownFileType = sourcecode.c.objc; path = JPFPSStatus.m; sourceTree = "<group>"; };
		9E115C7F1FB984E40002A7F4 /* UIView+EBAddMessage.h */ = {isa = PBXFileReference; fileEncoding = 4; lastKnownFileType = sourcecode.c.h; path = "UIView+EBAddMessage.h"; sourceTree = "<group>"; };
		9E115C801FB984E40002A7F4 /* UIView+EBAddMessage.m */ = {isa = PBXFileReference; fileEncoding = 4; lastKnownFileType = sourcecode.c.objc; path = "UIView+EBAddMessage.m"; sourceTree = "<group>"; };
		9E18ACDC211935800048A92B /* IceTextView.h */ = {isa = PBXFileReference; fileEncoding = 4; lastKnownFileType = sourcecode.c.h; path = IceTextView.h; sourceTree = "<group>"; };
		9E18ACDD211935800048A92B /* IceTextView.m */ = {isa = PBXFileReference; fileEncoding = 4; lastKnownFileType = sourcecode.c.objc; path = IceTextView.m; sourceTree = "<group>"; };
		9E18ACE0211943100048A92B /* NEUBase64.m */ = {isa = PBXFileReference; fileEncoding = 4; lastKnownFileType = sourcecode.c.objc; path = NEUBase64.m; sourceTree = "<group>"; };
		9E18ACE1211943100048A92B /* NEUDefines.h */ = {isa = PBXFileReference; fileEncoding = 4; lastKnownFileType = sourcecode.c.h; path = NEUDefines.h; sourceTree = "<group>"; };
		9E18ACE2211943100048A92B /* NEUBase64.h */ = {isa = PBXFileReference; fileEncoding = 4; lastKnownFileType = sourcecode.c.h; path = NEUBase64.h; sourceTree = "<group>"; };
		9E18ACEA21198D0C0048A92B /* NSString+RXUtility.h */ = {isa = PBXFileReference; fileEncoding = 4; lastKnownFileType = sourcecode.c.h; path = "NSString+RXUtility.h"; sourceTree = "<group>"; };
		9E18ACEB21198D0C0048A92B /* NSString+RXUtility.m */ = {isa = PBXFileReference; fileEncoding = 4; lastKnownFileType = sourcecode.c.objc; path = "NSString+RXUtility.m"; sourceTree = "<group>"; };
		9E18ACED21198F8D0048A92B /* NSData+NEUAES.m */ = {isa = PBXFileReference; fileEncoding = 4; lastKnownFileType = sourcecode.c.objc; path = "NSData+NEUAES.m"; sourceTree = "<group>"; };
		9E18ACF021198F8E0048A92B /* NSData+NEUAES.h */ = {isa = PBXFileReference; fileEncoding = 4; lastKnownFileType = sourcecode.c.h; path = "NSData+NEUAES.h"; sourceTree = "<group>"; };
		9E18ACF32119973E0048A92B /* AES128Util.h */ = {isa = PBXFileReference; lastKnownFileType = sourcecode.c.h; path = AES128Util.h; sourceTree = "<group>"; };
		9E18ACF42119973E0048A92B /* AES128Util.m */ = {isa = PBXFileReference; lastKnownFileType = sourcecode.c.objc; path = AES128Util.m; sourceTree = "<group>"; };
		9E657E5D20C13B9F00C64410 /* NSData+AES128.h */ = {isa = PBXFileReference; lastKnownFileType = sourcecode.c.h; path = "NSData+AES128.h"; sourceTree = "<group>"; };
		9E657E5E20C13B9F00C64410 /* NSData+AES128.m */ = {isa = PBXFileReference; lastKnownFileType = sourcecode.c.objc; path = "NSData+AES128.m"; sourceTree = "<group>"; };
		9E657E6020C13BE500C64410 /* FSAES128.h */ = {isa = PBXFileReference; lastKnownFileType = sourcecode.c.h; path = FSAES128.h; sourceTree = "<group>"; };
		9E657E6120C13BE500C64410 /* FSAES128.m */ = {isa = PBXFileReference; lastKnownFileType = sourcecode.c.objc; path = FSAES128.m; sourceTree = "<group>"; };
		9E74712C20D0F67500D28D19 /* TPLoanViewController.m */ = {isa = PBXFileReference; fileEncoding = 4; lastKnownFileType = sourcecode.c.objc; path = TPLoanViewController.m; sourceTree = "<group>"; };
		9E74712D20D0F67500D28D19 /* TPLoanViewController.h */ = {isa = PBXFileReference; fileEncoding = 4; lastKnownFileType = sourcecode.c.h; path = TPLoanViewController.h; sourceTree = "<group>"; };
		9E74C3CE222CC7A600A62FBA /* VideoDeviceAuthorization.h */ = {isa = PBXFileReference; fileEncoding = 4; lastKnownFileType = sourcecode.c.h; path = VideoDeviceAuthorization.h; sourceTree = "<group>"; };
		9E74C3CF222CC7A600A62FBA /* CutOutClearView.h */ = {isa = PBXFileReference; fileEncoding = 4; lastKnownFileType = sourcecode.c.h; path = CutOutClearView.h; sourceTree = "<group>"; };
		9E74C3D0222CC7A600A62FBA /* QRCodeView.m */ = {isa = PBXFileReference; fileEncoding = 4; lastKnownFileType = sourcecode.c.objc; path = QRCodeView.m; sourceTree = "<group>"; };
		9E74C3D1222CC7A600A62FBA /* QRCodeRectViewVC.m */ = {isa = PBXFileReference; fileEncoding = 4; lastKnownFileType = sourcecode.c.objc; path = QRCodeRectViewVC.m; sourceTree = "<group>"; };
		9E74C3D2222CC7A600A62FBA /* VideoDeviceAuthorization.m */ = {isa = PBXFileReference; fileEncoding = 4; lastKnownFileType = sourcecode.c.objc; path = VideoDeviceAuthorization.m; sourceTree = "<group>"; };
		9E74C3D3222CC7A600A62FBA /* CutOutClearView.m */ = {isa = PBXFileReference; fileEncoding = 4; lastKnownFileType = sourcecode.c.objc; path = CutOutClearView.m; sourceTree = "<group>"; };
		9E74C3D4222CC7A600A62FBA /* QRCodeRectViewVC.h */ = {isa = PBXFileReference; fileEncoding = 4; lastKnownFileType = sourcecode.c.h; path = QRCodeRectViewVC.h; sourceTree = "<group>"; };
		9E74C3D5222CC7A600A62FBA /* QRCodeView.h */ = {isa = PBXFileReference; fileEncoding = 4; lastKnownFileType = sourcecode.c.h; path = QRCodeView.h; sourceTree = "<group>"; };
		9E9336CB244959D300926831 /* UIImage+Extension.m */ = {isa = PBXFileReference; fileEncoding = 4; lastKnownFileType = sourcecode.c.objc; path = "UIImage+Extension.m"; sourceTree = "<group>"; };
		9E9336CC244959D300926831 /* IceTextField.h */ = {isa = PBXFileReference; fileEncoding = 4; lastKnownFileType = sourcecode.c.h; path = IceTextField.h; sourceTree = "<group>"; };
		9E9336CD244959D300926831 /* UIImage+Extension.h */ = {isa = PBXFileReference; fileEncoding = 4; lastKnownFileType = sourcecode.c.h; path = "UIImage+Extension.h"; sourceTree = "<group>"; };
		9E9336CE244959D300926831 /* IceTextField.m */ = {isa = PBXFileReference; fileEncoding = 4; lastKnownFileType = sourcecode.c.objc; path = IceTextField.m; sourceTree = "<group>"; };
		9E9336D124495A0600926831 /* EBPageView.h */ = {isa = PBXFileReference; fileEncoding = 4; lastKnownFileType = sourcecode.c.h; path = EBPageView.h; sourceTree = "<group>"; };
		9E9336D224495A0600926831 /* EBPageView.m */ = {isa = PBXFileReference; fileEncoding = 4; lastKnownFileType = sourcecode.c.objc; path = EBPageView.m; sourceTree = "<group>"; };
		9EFFC64C1FB1608E00FAB094 /* UIImageView+CornerRadius.h */ = {isa = PBXFileReference; lastKnownFileType = sourcecode.c.h; path = "UIImageView+CornerRadius.h"; sourceTree = "<group>"; };
		9EFFC64D1FB1608E00FAB094 /* UIImageView+CornerRadius.m */ = {isa = PBXFileReference; lastKnownFileType = sourcecode.c.objc; path = "UIImageView+CornerRadius.m"; sourceTree = "<group>"; };
		9EFFC64F1FB19B3C00FAB094 /* EPAlertViewShow.m */ = {isa = PBXFileReference; fileEncoding = 4; lastKnownFileType = sourcecode.c.objc; path = EPAlertViewShow.m; sourceTree = "<group>"; };
		9EFFC6501FB19B3C00FAB094 /* EPAlertViewShow.h */ = {isa = PBXFileReference; fileEncoding = 4; lastKnownFileType = sourcecode.c.h; path = EPAlertViewShow.h; sourceTree = "<group>"; };
		9EFFC6521FB1A23B00FAB094 /* ShowPhotoVC.h */ = {isa = PBXFileReference; lastKnownFileType = sourcecode.c.h; path = ShowPhotoVC.h; sourceTree = "<group>"; };
		9EFFC6531FB1A23B00FAB094 /* ShowPhotoVC.m */ = {isa = PBXFileReference; lastKnownFileType = sourcecode.c.objc; path = ShowPhotoVC.m; sourceTree = "<group>"; };
		9EFFC6551FB1A4FD00FAB094 /* IceImageView.h */ = {isa = PBXFileReference; fileEncoding = 4; lastKnownFileType = sourcecode.c.h; path = IceImageView.h; sourceTree = "<group>"; };
		9EFFC6561FB1A4FD00FAB094 /* IceImageView.m */ = {isa = PBXFileReference; fileEncoding = 4; lastKnownFileType = sourcecode.c.objc; path = IceImageView.m; sourceTree = "<group>"; };
		A04900071D54705A009E4CCC /* FirstViewController.h */ = {isa = PBXFileReference; fileEncoding = 4; lastKnownFileType = sourcecode.c.h; path = FirstViewController.h; sourceTree = "<group>"; };
		A04900081D54705A009E4CCC /* FirstViewController.m */ = {isa = PBXFileReference; fileEncoding = 4; lastKnownFileType = sourcecode.c.objc; path = FirstViewController.m; sourceTree = "<group>"; };
		A049000A1D547068009E4CCC /* SecondViewController.h */ = {isa = PBXFileReference; fileEncoding = 4; lastKnownFileType = sourcecode.c.h; path = SecondViewController.h; sourceTree = "<group>"; };
		A049000B1D547068009E4CCC /* SecondViewController.m */ = {isa = PBXFileReference; fileEncoding = 4; lastKnownFileType = sourcecode.c.objc; path = SecondViewController.m; sourceTree = "<group>"; };
		A049000D1D54706F009E4CCC /* ThirdViewController.h */ = {isa = PBXFileReference; fileEncoding = 4; lastKnownFileType = sourcecode.c.h; path = ThirdViewController.h; sourceTree = "<group>"; };
		A049000E1D54706F009E4CCC /* ThirdViewController.m */ = {isa = PBXFileReference; fileEncoding = 4; lastKnownFileType = sourcecode.c.objc; path = ThirdViewController.m; sourceTree = "<group>"; };
		A04900101D547089009E4CCC /* PrefixHeader.pch */ = {isa = PBXFileReference; lastKnownFileType = sourcecode.c.h; path = PrefixHeader.pch; sourceTree = "<group>"; };
		A04900111D5470A8009E4CCC /* Header.h */ = {isa = PBXFileReference; lastKnownFileType = sourcecode.c.h; path = Header.h; sourceTree = "<group>"; };
		A04900121D5470B8009E4CCC /* URLPath.h */ = {isa = PBXFileReference; lastKnownFileType = sourcecode.c.h; path = URLPath.h; sourceTree = "<group>"; };
		A049001A1D548097009E4CCC /* ForthViewController.h */ = {isa = PBXFileReference; fileEncoding = 4; lastKnownFileType = sourcecode.c.h; path = ForthViewController.h; sourceTree = "<group>"; };
		A049001B1D548097009E4CCC /* ForthViewController.m */ = {isa = PBXFileReference; fileEncoding = 4; lastKnownFileType = sourcecode.c.objc; path = ForthViewController.m; sourceTree = "<group>"; };
		A04900241D548F07009E4CCC /* IceNavigationController.h */ = {isa = PBXFileReference; fileEncoding = 4; lastKnownFileType = sourcecode.c.h; path = IceNavigationController.h; sourceTree = "<group>"; };
		A04900251D548F07009E4CCC /* IceNavigationController.m */ = {isa = PBXFileReference; fileEncoding = 4; lastKnownFileType = sourcecode.c.objc; path = IceNavigationController.m; sourceTree = "<group>"; };
		A04900261D548F07009E4CCC /* IceTabBar.h */ = {isa = PBXFileReference; fileEncoding = 4; lastKnownFileType = sourcecode.c.h; path = IceTabBar.h; sourceTree = "<group>"; };
		A04900271D548F07009E4CCC /* IceTabBar.m */ = {isa = PBXFileReference; fileEncoding = 4; lastKnownFileType = sourcecode.c.objc; path = IceTabBar.m; sourceTree = "<group>"; };
		A04900281D548F07009E4CCC /* IceTabBarController.h */ = {isa = PBXFileReference; fileEncoding = 4; lastKnownFileType = sourcecode.c.h; path = IceTabBarController.h; sourceTree = "<group>"; };
		A04900291D548F07009E4CCC /* IceTabBarController.m */ = {isa = PBXFileReference; fileEncoding = 4; lastKnownFileType = sourcecode.c.objc; path = IceTabBarController.m; sourceTree = "<group>"; };
		A049002A1D548F07009E4CCC /* IceTableViewController.h */ = {isa = PBXFileReference; fileEncoding = 4; lastKnownFileType = sourcecode.c.h; path = IceTableViewController.h; sourceTree = "<group>"; };
		A049002B1D548F07009E4CCC /* IceTableViewController.m */ = {isa = PBXFileReference; fileEncoding = 4; lastKnownFileType = sourcecode.c.objc; path = IceTableViewController.m; sourceTree = "<group>"; };
		A049002C1D548F07009E4CCC /* IceViewController.h */ = {isa = PBXFileReference; fileEncoding = 4; lastKnownFileType = sourcecode.c.h; path = IceViewController.h; sourceTree = "<group>"; };
		A049002D1D548F07009E4CCC /* IceViewController.m */ = {isa = PBXFileReference; fileEncoding = 4; lastKnownFileType = sourcecode.c.objc; path = IceViewController.m; sourceTree = "<group>"; };
		A04900341D548F0E009E4CCC /* AppDelegate.h */ = {isa = PBXFileReference; fileEncoding = 4; lastKnownFileType = sourcecode.c.h; path = AppDelegate.h; sourceTree = "<group>"; };
		A04900351D548F0E009E4CCC /* AppDelegate.m */ = {isa = PBXFileReference; fileEncoding = 4; lastKnownFileType = sourcecode.c.objc; path = AppDelegate.m; sourceTree = "<group>"; };
		A04900361D548F0E009E4CCC /* main.m */ = {isa = PBXFileReference; fileEncoding = 4; lastKnownFileType = sourcecode.c.objc; path = main.m; sourceTree = "<group>"; };
		A04900501D5490AB009E4CCC /* UIView+Extension.h */ = {isa = PBXFileReference; fileEncoding = 4; lastKnownFileType = sourcecode.c.h; path = "UIView+Extension.h"; sourceTree = "<group>"; };
		A04900511D5490AB009E4CCC /* UIView+Extension.m */ = {isa = PBXFileReference; fileEncoding = 4; lastKnownFileType = sourcecode.c.objc; path = "UIView+Extension.m"; sourceTree = "<group>"; };
		A04900531D549122009E4CCC /* ViewController.h */ = {isa = PBXFileReference; fileEncoding = 4; lastKnownFileType = sourcecode.c.h; path = ViewController.h; sourceTree = "<group>"; };
		A04900541D549122009E4CCC /* ViewController.m */ = {isa = PBXFileReference; fileEncoding = 4; lastKnownFileType = sourcecode.c.objc; path = ViewController.m; sourceTree = "<group>"; };
		A04900571D54930E009E4CCC /* SMGlobalMethod.h */ = {isa = PBXFileReference; fileEncoding = 4; lastKnownFileType = sourcecode.c.h; path = SMGlobalMethod.h; sourceTree = "<group>"; };
		A04900581D54930E009E4CCC /* SMGlobalMethod.m */ = {isa = PBXFileReference; fileEncoding = 4; lastKnownFileType = sourcecode.c.objc; path = SMGlobalMethod.m; sourceTree = "<group>"; };
		A049005A1D549729009E4CCC /* SLUChatToolBar.h */ = {isa = PBXFileReference; fileEncoding = 4; lastKnownFileType = sourcecode.c.h; name = SLUChatToolBar.h; path = GlobalMethod/SLUChatToolBar.h; sourceTree = "<group>"; };
		A049005B1D549729009E4CCC /* SLUChatToolBar.m */ = {isa = PBXFileReference; fileEncoding = 4; lastKnownFileType = sourcecode.c.objc; name = SLUChatToolBar.m; path = GlobalMethod/SLUChatToolBar.m; sourceTree = "<group>"; };
		A053D68D1D2F31A700102A55 /* IceKuangjia.app */ = {isa = PBXFileReference; explicitFileType = wrapper.application; includeInIndex = 0; path = IceKuangjia.app; sourceTree = BUILT_PRODUCTS_DIR; };
		A053D69A1D2F31A700102A55 /* Base */ = {isa = PBXFileReference; lastKnownFileType = file.storyboard; name = Base; path = Base.lproj/Main.storyboard; sourceTree = "<group>"; };
		A053D69C1D2F31A700102A55 /* Assets.xcassets */ = {isa = PBXFileReference; lastKnownFileType = folder.assetcatalog; path = Assets.xcassets; sourceTree = "<group>"; };
		A053D69F1D2F31A700102A55 /* Base */ = {isa = PBXFileReference; lastKnownFileType = file.storyboard; name = Base; path = Base.lproj/LaunchScreen.storyboard; sourceTree = "<group>"; };
		A053D6A11D2F31A700102A55 /* Info.plist */ = {isa = PBXFileReference; lastKnownFileType = text.plist.xml; path = Info.plist; sourceTree = "<group>"; };
		A053D6A61D2F31A700102A55 /* IceKuangjiaTests.xctest */ = {isa = PBXFileReference; explicitFileType = wrapper.cfbundle; includeInIndex = 0; path = IceKuangjiaTests.xctest; sourceTree = BUILT_PRODUCTS_DIR; };
		A053D6AA1D2F31A700102A55 /* IceKuangjiaTests.m */ = {isa = PBXFileReference; lastKnownFileType = sourcecode.c.objc; path = IceKuangjiaTests.m; sourceTree = "<group>"; };
		A053D6AC1D2F31A700102A55 /* Info.plist */ = {isa = PBXFileReference; lastKnownFileType = text.plist.xml; path = Info.plist; sourceTree = "<group>"; };
		A053D6B11D2F31A700102A55 /* IceKuangjiaUITests.xctest */ = {isa = PBXFileReference; explicitFileType = wrapper.cfbundle; includeInIndex = 0; path = IceKuangjiaUITests.xctest; sourceTree = BUILT_PRODUCTS_DIR; };
		A053D6B51D2F31A700102A55 /* IceKuangjiaUITests.m */ = {isa = PBXFileReference; lastKnownFileType = sourcecode.c.objc; path = IceKuangjiaUITests.m; sourceTree = "<group>"; };
		A053D6B71D2F31A700102A55 /* Info.plist */ = {isa = PBXFileReference; lastKnownFileType = text.plist.xml; path = Info.plist; sourceTree = "<group>"; };
		A0DC53601D6FDE33000CE11B /* IceCirculationView.m */ = {isa = PBXFileReference; fileEncoding = 4; lastKnownFileType = sourcecode.c.objc; path = IceCirculationView.m; sourceTree = "<group>"; };
		C57B52391E8E45F90074811D /* TimeHelper.h */ = {isa = PBXFileReference; fileEncoding = 4; lastKnownFileType = sourcecode.c.h; name = TimeHelper.h; path = ../Base/TimeHelper.h; sourceTree = "<group>"; };
		C57B523A1E8E45F90074811D /* TimeHelper.m */ = {isa = PBXFileReference; fileEncoding = 4; lastKnownFileType = sourcecode.c.objc; name = TimeHelper.m; path = ../Base/TimeHelper.m; sourceTree = "<group>"; };
		C63B4EDF1ED7DB3D00436190 /* 0.jpg */ = {isa = PBXFileReference; lastKnownFileType = image.jpeg; path = 0.jpg; sourceTree = "<group>"; };
		C63B4EE01ED7DB3D00436190 /* 1.jpg */ = {isa = PBXFileReference; lastKnownFileType = image.jpeg; path = 1.jpg; sourceTree = "<group>"; };
		C63B4EE11ED7DB3D00436190 /* 2.jpg */ = {isa = PBXFileReference; lastKnownFileType = image.jpeg; path = 2.jpg; sourceTree = "<group>"; };
		C63B4EE21ED7DB3D00436190 /* 3.jpg */ = {isa = PBXFileReference; lastKnownFileType = image.jpeg; path = 3.jpg; sourceTree = "<group>"; };
		C63B4EE31ED7DB3D00436190 /* 4.jpg */ = {isa = PBXFileReference; lastKnownFileType = image.jpeg; path = 4.jpg; sourceTree = "<group>"; };
		C63B4EE41ED7DB3D00436190 /* 5.jpg */ = {isa = PBXFileReference; lastKnownFileType = image.jpeg; path = 5.jpg; sourceTree = "<group>"; };
		C63B4EE51ED7DB3D00436190 /* 6.jpg */ = {isa = PBXFileReference; lastKnownFileType = image.jpeg; path = 6.jpg; sourceTree = "<group>"; };
		C63B4EE61ED7DB3D00436190 /* 7.jpg */ = {isa = PBXFileReference; lastKnownFileType = image.jpeg; path = 7.jpg; sourceTree = "<group>"; };
		C6425AA71F20934A00A36A68 /* EPGetAddress.h */ = {isa = PBXFileReference; fileEncoding = 4; lastKnownFileType = sourcecode.c.h; path = EPGetAddress.h; sourceTree = "<group>"; };
		C6425AA81F20934A00A36A68 /* EPGetAddress.m */ = {isa = PBXFileReference; fileEncoding = 4; lastKnownFileType = sourcecode.c.objc; path = EPGetAddress.m; sourceTree = "<group>"; };
		C6425AAA1F20962D00A36A68 /* AlertView.h */ = {isa = PBXFileReference; lastKnownFileType = sourcecode.c.h; path = AlertView.h; sourceTree = "<group>"; };
		C6425AAB1F2096C000A36A68 /* ColorHeader.h */ = {isa = PBXFileReference; lastKnownFileType = sourcecode.c.h; path = ColorHeader.h; sourceTree = "<group>"; };
		C67710F61F3868D3006F931E /* ViewControllerDemoFour.h */ = {isa = PBXFileReference; fileEncoding = 4; lastKnownFileType = sourcecode.c.h; path = ViewControllerDemoFour.h; sourceTree = "<group>"; };
		C67710F71F3868D3006F931E /* ViewControllerDemoFour.m */ = {isa = PBXFileReference; fileEncoding = 4; lastKnownFileType = sourcecode.c.objc; path = ViewControllerDemoFour.m; sourceTree = "<group>"; };
		C67710F81F3868D3006F931E /* ViewControllerDemoFive.h */ = {isa = PBXFileReference; fileEncoding = 4; lastKnownFileType = sourcecode.c.h; path = ViewControllerDemoFive.h; sourceTree = "<group>"; };
		C67710F91F3868D3006F931E /* ViewControllerDemoFive.m */ = {isa = PBXFileReference; fileEncoding = 4; lastKnownFileType = sourcecode.c.objc; path = ViewControllerDemoFive.m; sourceTree = "<group>"; };
		C67710FA1F3868D3006F931E /* ViewControllerSix.h */ = {isa = PBXFileReference; fileEncoding = 4; lastKnownFileType = sourcecode.c.h; path = ViewControllerSix.h; sourceTree = "<group>"; };
		C67710FB1F3868D3006F931E /* ViewControllerSix.m */ = {isa = PBXFileReference; fileEncoding = 4; lastKnownFileType = sourcecode.c.objc; path = ViewControllerSix.m; sourceTree = "<group>"; };
		C67711001F3868E6006F931E /* UIColor+DDF.h */ = {isa = PBXFileReference; fileEncoding = 4; lastKnownFileType = sourcecode.c.h; path = "UIColor+DDF.h"; sourceTree = "<group>"; };
		C67711011F3868E6006F931E /* UIColor+DDF.m */ = {isa = PBXFileReference; fileEncoding = 4; lastKnownFileType = sourcecode.c.objc; path = "UIColor+DDF.m"; sourceTree = "<group>"; };
		C67711021F3868E6006F931E /* UIDevice+CJ.h */ = {isa = PBXFileReference; fileEncoding = 4; lastKnownFileType = sourcecode.c.h; path = "UIDevice+CJ.h"; sourceTree = "<group>"; };
		C67711031F3868E6006F931E /* UIDevice+CJ.m */ = {isa = PBXFileReference; fileEncoding = 4; lastKnownFileType = sourcecode.c.objc; path = "UIDevice+CJ.m"; sourceTree = "<group>"; };
		C67711041F3868E6006F931E /* UIImage+DDF.h */ = {isa = PBXFileReference; fileEncoding = 4; lastKnownFileType = sourcecode.c.h; path = "UIImage+DDF.h"; sourceTree = "<group>"; };
		C67711051F3868E6006F931E /* UIImage+DDF.m */ = {isa = PBXFileReference; fileEncoding = 4; lastKnownFileType = sourcecode.c.objc; path = "UIImage+DDF.m"; sourceTree = "<group>"; };
		C67711061F3868E6006F931E /* UINavigationBar+CJ.h */ = {isa = PBXFileReference; fileEncoding = 4; lastKnownFileType = sourcecode.c.h; path = "UINavigationBar+CJ.h"; sourceTree = "<group>"; };
		C67711071F3868E6006F931E /* UINavigationBar+CJ.m */ = {isa = PBXFileReference; fileEncoding = 4; lastKnownFileType = sourcecode.c.objc; path = "UINavigationBar+CJ.m"; sourceTree = "<group>"; };
		C67711081F3868E6006F931E /* UITabBar+badge.h */ = {isa = PBXFileReference; fileEncoding = 4; lastKnownFileType = sourcecode.c.h; path = "UITabBar+badge.h"; sourceTree = "<group>"; };
		C67711091F3868E6006F931E /* UITabBar+badge.m */ = {isa = PBXFileReference; fileEncoding = 4; lastKnownFileType = sourcecode.c.objc; path = "UITabBar+badge.m"; sourceTree = "<group>"; };
		C677110A1F3868E6006F931E /* UIView+AutoLayout.h */ = {isa = PBXFileReference; fileEncoding = 4; lastKnownFileType = sourcecode.c.h; path = "UIView+AutoLayout.h"; sourceTree = "<group>"; };
		C677110B1F3868E6006F931E /* UIView+AutoLayout.m */ = {isa = PBXFileReference; fileEncoding = 4; lastKnownFileType = sourcecode.c.objc; path = "UIView+AutoLayout.m"; sourceTree = "<group>"; };
		C6777DEC1F29CC8D00093A37 /* IceCutScreen.h */ = {isa = PBXFileReference; fileEncoding = 4; lastKnownFileType = sourcecode.c.h; path = IceCutScreen.h; sourceTree = "<group>"; };
		C6777DED1F29CC8D00093A37 /* IceCutScreen.m */ = {isa = PBXFileReference; fileEncoding = 4; lastKnownFileType = sourcecode.c.objc; path = IceCutScreen.m; sourceTree = "<group>"; };
		C68C40E61F28939100FFF310 /* WBStatusHelper.h */ = {isa = PBXFileReference; fileEncoding = 4; lastKnownFileType = sourcecode.c.h; path = WBStatusHelper.h; sourceTree = "<group>"; };
		C68C40E71F28939100FFF310 /* WBStatusHelper.m */ = {isa = PBXFileReference; fileEncoding = 4; lastKnownFileType = sourcecode.c.objc; path = WBStatusHelper.m; sourceTree = "<group>"; };
		C68C40E81F28939100FFF310 /* WBEmoticonInputView.h */ = {isa = PBXFileReference; fileEncoding = 4; lastKnownFileType = sourcecode.c.h; path = WBEmoticonInputView.h; sourceTree = "<group>"; };
		C68C40E91F28939100FFF310 /* WBEmoticonInputView.m */ = {isa = PBXFileReference; fileEncoding = 4; lastKnownFileType = sourcecode.c.objc; path = WBEmoticonInputView.m; sourceTree = "<group>"; };
		C68C40EA1F28939100FFF310 /* WBStatusComposeTextParser.h */ = {isa = PBXFileReference; fileEncoding = 4; lastKnownFileType = sourcecode.c.h; path = WBStatusComposeTextParser.h; sourceTree = "<group>"; };
		C68C40EB1F28939100FFF310 /* WBStatusComposeTextParser.m */ = {isa = PBXFileReference; fileEncoding = 4; lastKnownFileType = sourcecode.c.objc; path = WBStatusComposeTextParser.m; sourceTree = "<group>"; };
		C68C40EC1F28939100FFF310 /* WBModel.h */ = {isa = PBXFileReference; fileEncoding = 4; lastKnownFileType = sourcecode.c.h; path = WBModel.h; sourceTree = "<group>"; };
		C68C40ED1F28939100FFF310 /* WBModel.m */ = {isa = PBXFileReference; fileEncoding = 4; lastKnownFileType = sourcecode.c.objc; path = WBModel.m; sourceTree = "<group>"; };
		C68C40EE1F28939100FFF310 /* EmotionModel.h */ = {isa = PBXFileReference; fileEncoding = 4; lastKnownFileType = sourcecode.c.h; path = EmotionModel.h; sourceTree = "<group>"; };
		C68C40EF1F28939100FFF310 /* EmotionModel.m */ = {isa = PBXFileReference; fileEncoding = 4; lastKnownFileType = sourcecode.c.objc; path = EmotionModel.m; sourceTree = "<group>"; };
		C68C40F01F28939100FFF310 /* EmoticonInputView.h */ = {isa = PBXFileReference; fileEncoding = 4; lastKnownFileType = sourcecode.c.h; path = EmoticonInputView.h; sourceTree = "<group>"; };
		C68C40F11F28939100FFF310 /* EmoticonInputView.m */ = {isa = PBXFileReference; fileEncoding = 4; lastKnownFileType = sourcecode.c.objc; path = EmoticonInputView.m; sourceTree = "<group>"; };
		C68C40F91F2893EF00FFF310 /* ResourceTwitter.bundle */ = {isa = PBXFileReference; lastKnownFileType = "wrapper.plug-in"; path = ResourceTwitter.bundle; sourceTree = "<group>"; };
		C68C40FA1F2893EF00FFF310 /* ResourceWeibo.bundle */ = {isa = PBXFileReference; lastKnownFileType = "wrapper.plug-in"; path = ResourceWeibo.bundle; sourceTree = "<group>"; };
		C68C40FB1F2893EF00FFF310 /* EmoticonWeibo.bundle */ = {isa = PBXFileReference; lastKnownFileType = "wrapper.plug-in"; path = EmoticonWeibo.bundle; sourceTree = "<group>"; };
		C68C40FC1F2893EF00FFF310 /* EmoticonQQ.bundle */ = {isa = PBXFileReference; lastKnownFileType = "wrapper.plug-in"; path = EmoticonQQ.bundle; sourceTree = "<group>"; };
		C68C40FD1F2893EF00FFF310 /* niconiconi@2x.gif */ = {isa = PBXFileReference; lastKnownFileType = image.gif; path = "niconiconi@2x.gif"; sourceTree = "<group>"; };
		C68C40FE1F2893EF00FFF310 /* google@2x.webp */ = {isa = PBXFileReference; lastKnownFileType = file; path = "google@2x.webp"; sourceTree = "<group>"; };
		C68C40FF1F2893EF00FFF310 /* nyancat@2x.webp */ = {isa = PBXFileReference; lastKnownFileType = file; path = "nyancat@2x.webp"; sourceTree = "<group>"; };
		C68C41001F2893EF00FFF310 /* pia@2x.png */ = {isa = PBXFileReference; lastKnownFileType = image.png; path = "pia@2x.png"; sourceTree = "<group>"; };
		C68C41011F2893EF00FFF310 /* cube@2x.png */ = {isa = PBXFileReference; lastKnownFileType = image.png; path = "cube@2x.png"; sourceTree = "<group>"; };
		C68C41021F2893EF00FFF310 /* wall-e@2x.webp */ = {isa = PBXFileReference; lastKnownFileType = file; path = "wall-e@2x.webp"; sourceTree = "<group>"; };
		C68C41031F2893EF00FFF310 /* mew_baseline.jpg */ = {isa = PBXFileReference; lastKnownFileType = image.jpeg; path = mew_baseline.jpg; sourceTree = "<group>"; };
		C68C41041F2893EF00FFF310 /* mew_progressive.jpg */ = {isa = PBXFileReference; lastKnownFileType = image.jpeg; path = mew_progressive.jpg; sourceTree = "<group>"; };
		C68C41051F2893EF00FFF310 /* mew_baseline.png */ = {isa = PBXFileReference; lastKnownFileType = image.png; path = mew_baseline.png; sourceTree = "<group>"; };
		C68C41061F2893EF00FFF310 /* mew_interlaced.png */ = {isa = PBXFileReference; lastKnownFileType = image.png; path = mew_interlaced.png; sourceTree = "<group>"; };
		C68C41071F2893EF00FFF310 /* mew_baseline.gif */ = {isa = PBXFileReference; lastKnownFileType = image.gif; path = mew_baseline.gif; sourceTree = "<group>"; };
		C68C41081F2893EF00FFF310 /* mew_interlaced.gif */ = {isa = PBXFileReference; lastKnownFileType = image.gif; path = mew_interlaced.gif; sourceTree = "<group>"; };
		C68C41091F2893EF00FFF310 /* Twitter@3x.jpg */ = {isa = PBXFileReference; lastKnownFileType = image.jpeg; path = "Twitter@3x.jpg"; sourceTree = "<group>"; };
		C68C410A1F2893EF00FFF310 /* Weibo@3x.jpg */ = {isa = PBXFileReference; lastKnownFileType = image.jpeg; path = "Weibo@3x.jpg"; sourceTree = "<group>"; };
		C68C410B1F2893EF00FFF310 /* dribbble64_imageio.png */ = {isa = PBXFileReference; lastKnownFileType = image.png; path = dribbble64_imageio.png; sourceTree = "<group>"; };
		C68C410C1F2893EF00FFF310 /* dribbble128_imageio.png */ = {isa = PBXFileReference; lastKnownFileType = image.png; path = dribbble128_imageio.png; sourceTree = "<group>"; };
		C68C410D1F2893EF00FFF310 /* dribbble256_imageio.png */ = {isa = PBXFileReference; lastKnownFileType = image.png; path = dribbble256_imageio.png; sourceTree = "<group>"; };
		C68C410E1F2893EF00FFF310 /* dribbble512_imageio.png */ = {isa = PBXFileReference; lastKnownFileType = image.png; path = dribbble512_imageio.png; sourceTree = "<group>"; };
		C68C410F1F2893EF00FFF310 /* ermilio_q15.bpg */ = {isa = PBXFileReference; lastKnownFileType = file; path = ermilio_q15.bpg; sourceTree = "<group>"; };
		C68C41101F2893EF00FFF310 /* ermilio_q20.bpg */ = {isa = PBXFileReference; lastKnownFileType = file; path = ermilio_q20.bpg; sourceTree = "<group>"; };
		C68C41111F2893EF00FFF310 /* ermilio_lossless.bpg */ = {isa = PBXFileReference; lastKnownFileType = file; path = ermilio_lossless.bpg; sourceTree = "<group>"; };
		C68C41121F2893EF00FFF310 /* ermilio_q85.webp */ = {isa = PBXFileReference; lastKnownFileType = file; path = ermilio_q85.webp; sourceTree = "<group>"; };
		C68C41131F2893EF00FFF310 /* ermilio_q90.webp */ = {isa = PBXFileReference; lastKnownFileType = file; path = ermilio_q90.webp; sourceTree = "<group>"; };
		C68C41141F2893EF00FFF310 /* ermilio_lossless.webp */ = {isa = PBXFileReference; lastKnownFileType = file; path = ermilio_lossless.webp; sourceTree = "<group>"; };
		C68C41151F2893EF00FFF310 /* ermilio.gif */ = {isa = PBXFileReference; lastKnownFileType = image.gif; path = ermilio.gif; sourceTree = "<group>"; };
		C68C41161F2893EF00FFF310 /* ermilio.png */ = {isa = PBXFileReference; lastKnownFileType = image.png; path = ermilio.png; sourceTree = "<group>"; };
		C68C41361F28967500FFF310 /* IceCirculationView.h */ = {isa = PBXFileReference; fileEncoding = 4; lastKnownFileType = sourcecode.c.h; path = IceCirculationView.h; sourceTree = "<group>"; };
		C6A7653E1EF1245C0042A0C5 /* HWHttpTool.h */ = {isa = PBXFileReference; fileEncoding = 4; lastKnownFileType = sourcecode.c.h; path = HWHttpTool.h; sourceTree = "<group>"; };
		C6A7653F1EF1245C0042A0C5 /* HWHttpTool.m */ = {isa = PBXFileReference; fileEncoding = 4; lastKnownFileType = sourcecode.c.objc; path = HWHttpTool.m; sourceTree = "<group>"; };
		C6D1BD621F3031D700C38072 /* GetPhotoToolBar.h */ = {isa = PBXFileReference; fileEncoding = 4; lastKnownFileType = sourcecode.c.h; path = GetPhotoToolBar.h; sourceTree = "<group>"; };
		C6D1BD631F3031D700C38072 /* GetPhotoToolBar.m */ = {isa = PBXFileReference; fileEncoding = 4; lastKnownFileType = sourcecode.c.objc; path = GetPhotoToolBar.m; sourceTree = "<group>"; };
		C6F246291F318481008BB1C1 /* KeyChainStore.h */ = {isa = PBXFileReference; fileEncoding = 4; lastKnownFileType = sourcecode.c.h; path = KeyChainStore.h; sourceTree = "<group>"; };
		C6F2462A1F318481008BB1C1 /* KeyChainStore.m */ = {isa = PBXFileReference; fileEncoding = 4; lastKnownFileType = sourcecode.c.objc; path = KeyChainStore.m; sourceTree = "<group>"; };
		DC360926EA2437532B4A4212 /* Pods-IceKuangjia.release.xcconfig */ = {isa = PBXFileReference; includeInIndex = 1; lastKnownFileType = text.xcconfig; name = "Pods-IceKuangjia.release.xcconfig"; path = "Pods/Target Support Files/Pods-IceKuangjia/Pods-IceKuangjia.release.xcconfig"; sourceTree = "<group>"; };
/* End PBXFileReference section */

/* Begin PBXFrameworksBuildPhase section */
		A053D68A1D2F31A700102A55 /* Frameworks */ = {
			isa = PBXFrameworksBuildPhase;
			buildActionMask = 2147483647;
			files = (
				DF6337828AE8C1FE6B82F1DB /* Pods_IceKuangjia.framework in Frameworks */,
			);
			runOnlyForDeploymentPostprocessing = 0;
		};
		A053D6A31D2F31A700102A55 /* Frameworks */ = {
			isa = PBXFrameworksBuildPhase;
			buildActionMask = 2147483647;
			files = (
			);
			runOnlyForDeploymentPostprocessing = 0;
		};
		A053D6AE1D2F31A700102A55 /* Frameworks */ = {
			isa = PBXFrameworksBuildPhase;
			buildActionMask = 2147483647;
			files = (
			);
			runOnlyForDeploymentPostprocessing = 0;
		};
/* End PBXFrameworksBuildPhase section */

/* Begin PBXGroup section */
		9E18ACDF211943100048A92B /* NEUBase64 */ = {
			isa = PBXGroup;
			children = (
				9E18ACE0211943100048A92B /* NEUBase64.m */,
				9E18ACE1211943100048A92B /* NEUDefines.h */,
				9E18ACE2211943100048A92B /* NEUBase64.h */,
			);
			path = NEUBase64;
			sourceTree = "<group>";
		};
		9E657E5C20C13B7300C64410 /* AES */ = {
			isa = PBXGroup;
			children = (
				9E657E5D20C13B9F00C64410 /* NSData+AES128.h */,
				9E657E5E20C13B9F00C64410 /* NSData+AES128.m */,
				9E657E6020C13BE500C64410 /* FSAES128.h */,
				9E657E6120C13BE500C64410 /* FSAES128.m */,
			);
			path = AES;
			sourceTree = "<group>";
		};
		9E74C3CD222CC7A600A62FBA /* QRCodeChange */ = {
			isa = PBXGroup;
			children = (
				9E74C3CE222CC7A600A62FBA /* VideoDeviceAuthorization.h */,
				9E74C3CF222CC7A600A62FBA /* CutOutClearView.h */,
				9E74C3D0222CC7A600A62FBA /* QRCodeView.m */,
				9E74C3D1222CC7A600A62FBA /* QRCodeRectViewVC.m */,
				9E74C3D2222CC7A600A62FBA /* VideoDeviceAuthorization.m */,
				9E74C3D3222CC7A600A62FBA /* CutOutClearView.m */,
				9E74C3D4222CC7A600A62FBA /* QRCodeRectViewVC.h */,
				9E74C3D5222CC7A600A62FBA /* QRCodeView.h */,
			);
			path = QRCodeChange;
			sourceTree = "<group>";
		};
		A04900231D548F07009E4CCC /* Base */ = {
			isa = PBXGroup;
			children = (
				A04900241D548F07009E4CCC /* IceNavigationController.h */,
				A04900251D548F07009E4CCC /* IceNavigationController.m */,
				A04900261D548F07009E4CCC /* IceTabBar.h */,
				A04900271D548F07009E4CCC /* IceTabBar.m */,
				A04900281D548F07009E4CCC /* IceTabBarController.h */,
				A04900291D548F07009E4CCC /* IceTabBarController.m */,
				A049002A1D548F07009E4CCC /* IceTableViewController.h */,
				A049002B1D548F07009E4CCC /* IceTableViewController.m */,
				A049002C1D548F07009E4CCC /* IceViewController.h */,
				A049002D1D548F07009E4CCC /* IceViewController.m */,
				C6A7653E1EF1245C0042A0C5 /* HWHttpTool.h */,
				C6A7653F1EF1245C0042A0C5 /* HWHttpTool.m */,
			);
			path = Base;
			sourceTree = "<group>";
		};
		A04900331D548F0E009E4CCC /* Main */ = {
			isa = PBXGroup;
			children = (
				A04900531D549122009E4CCC /* ViewController.h */,
				A04900541D549122009E4CCC /* ViewController.m */,
				A04900341D548F0E009E4CCC /* AppDelegate.h */,
				A04900351D548F0E009E4CCC /* AppDelegate.m */,
				A04900361D548F0E009E4CCC /* main.m */,
			);
			path = Main;
			sourceTree = "<group>";
		};
		A049004F1D5490AB009E4CCC /* Lib */ = {
			isa = PBXGroup;
			children = (
				9E74C3CD222CC7A600A62FBA /* QRCodeChange */,
				9E18ACDC211935800048A92B /* IceTextView.h */,
				9E18ACDD211935800048A92B /* IceTextView.m */,
				9E74712D20D0F67500D28D19 /* TPLoanViewController.h */,
				9E74712C20D0F67500D28D19 /* TPLoanViewController.m */,
				9E657E5C20C13B7300C64410 /* AES */,
				9E115C791FB9841E0002A7F4 /* JPFPSStatus.h */,
				9E115C7A1FB9841E0002A7F4 /* JPFPSStatus.m */,
				C67710F51F3868C9006F931E /* AnimationView */,
				C6D1BD621F3031D700C38072 /* GetPhotoToolBar.h */,
				C6D1BD631F3031D700C38072 /* GetPhotoToolBar.m */,
				C6777DEC1F29CC8D00093A37 /* IceCutScreen.h */,
				C6777DED1F29CC8D00093A37 /* IceCutScreen.m */,
				C68C40E51F28938900FFF310 /* keyboard */,
				C6425AA71F20934A00A36A68 /* EPGetAddress.h */,
				C6425AA81F20934A00A36A68 /* EPGetAddress.m */,
				C57B52391E8E45F90074811D /* TimeHelper.h */,
				C57B523A1E8E45F90074811D /* TimeHelper.m */,
				C68C41361F28967500FFF310 /* IceCirculationView.h */,
				A0DC53601D6FDE33000CE11B /* IceCirculationView.m */,
				9EFFC6501FB19B3C00FAB094 /* EPAlertViewShow.h */,
				9EFFC64F1FB19B3C00FAB094 /* EPAlertViewShow.m */,
				A049005A1D549729009E4CCC /* SLUChatToolBar.h */,
				A049005B1D549729009E4CCC /* SLUChatToolBar.m */,
				9E9336D124495A0600926831 /* EBPageView.h */,
				9E9336D224495A0600926831 /* EBPageView.m */,
				9E9336CC244959D300926831 /* IceTextField.h */,
				9E9336CE244959D300926831 /* IceTextField.m */,
				9E9336CD244959D300926831 /* UIImage+Extension.h */,
				9E9336CB244959D300926831 /* UIImage+Extension.m */,
				A04900561D54930E009E4CCC /* GlobalMethod */,
				A04900501D5490AB009E4CCC /* UIView+Extension.h */,
				A04900511D5490AB009E4CCC /* UIView+Extension.m */,
				9E115C7F1FB984E40002A7F4 /* UIView+EBAddMessage.h */,
				9E115C801FB984E40002A7F4 /* UIView+EBAddMessage.m */,
				9EFFC64C1FB1608E00FAB094 /* UIImageView+CornerRadius.h */,
				9EFFC64D1FB1608E00FAB094 /* UIImageView+CornerRadius.m */,
				9EFFC6551FB1A4FD00FAB094 /* IceImageView.h */,
				9EFFC6561FB1A4FD00FAB094 /* IceImageView.m */,
				C6F246291F318481008BB1C1 /* KeyChainStore.h */,
				C6F2462A1F318481008BB1C1 /* KeyChainStore.m */,
			);
			path = Lib;
			sourceTree = "<group>";
		};
		A04900561D54930E009E4CCC /* GlobalMethod */ = {
			isa = PBXGroup;
			children = (
				9E18ACF021198F8E0048A92B /* NSData+NEUAES.h */,
				9E18ACED21198F8D0048A92B /* NSData+NEUAES.m */,
				9E18ACEA21198D0C0048A92B /* NSString+RXUtility.h */,
				9E18ACEB21198D0C0048A92B /* NSString+RXUtility.m */,
				9E18ACDF211943100048A92B /* NEUBase64 */,
				A04900571D54930E009E4CCC /* SMGlobalMethod.h */,
				A04900581D54930E009E4CCC /* SMGlobalMethod.m */,
				9E18ACF32119973E0048A92B /* AES128Util.h */,
				9E18ACF42119973E0048A92B /* AES128Util.m */,
			);
			path = GlobalMethod;
			sourceTree = "<group>";
		};
		A053D6841D2F31A700102A55 = {
			isa = PBXGroup;
			children = (
				A053D68F1D2F31A700102A55 /* IceKuangjia */,
				A053D6A91D2F31A700102A55 /* IceKuangjiaTests */,
				A053D6B41D2F31A700102A55 /* IceKuangjiaUITests */,
				A053D68E1D2F31A700102A55 /* Products */,
				B2BA0F892DDD061A8D3207E6 /* Pods */,
				AB81BCD191578D9B045DD4C1 /* Frameworks */,
			);
			sourceTree = "<group>";
		};
		A053D68E1D2F31A700102A55 /* Products */ = {
			isa = PBXGroup;
			children = (
				A053D68D1D2F31A700102A55 /* IceKuangjia.app */,
				A053D6A61D2F31A700102A55 /* IceKuangjiaTests.xctest */,
				A053D6B11D2F31A700102A55 /* IceKuangjiaUITests.xctest */,
			);
			name = Products;
			sourceTree = "<group>";
		};
		A053D68F1D2F31A700102A55 /* IceKuangjia */ = {
			isa = PBXGroup;
			children = (
				C63B4EDF1ED7DB3D00436190 /* 0.jpg */,
				C63B4EE01ED7DB3D00436190 /* 1.jpg */,
				C63B4EE11ED7DB3D00436190 /* 2.jpg */,
				C63B4EE21ED7DB3D00436190 /* 3.jpg */,
				C63B4EE31ED7DB3D00436190 /* 4.jpg */,
				C63B4EE41ED7DB3D00436190 /* 5.jpg */,
				C63B4EE51ED7DB3D00436190 /* 6.jpg */,
				C63B4EE61ED7DB3D00436190 /* 7.jpg */,
				A049004F1D5490AB009E4CCC /* Lib */,
				A04900331D548F0E009E4CCC /* Main */,
				A04900231D548F07009E4CCC /* Base */,
				A04900071D54705A009E4CCC /* FirstViewController.h */,
				A04900081D54705A009E4CCC /* FirstViewController.m */,
				A049000A1D547068009E4CCC /* SecondViewController.h */,
				A049000B1D547068009E4CCC /* SecondViewController.m */,
				A049000D1D54706F009E4CCC /* ThirdViewController.h */,
				A049000E1D54706F009E4CCC /* ThirdViewController.m */,
				A049001A1D548097009E4CCC /* ForthViewController.h */,
				A049001B1D548097009E4CCC /* ForthViewController.m */,
				9EFFC6521FB1A23B00FAB094 /* ShowPhotoVC.h */,
				9EFFC6531FB1A23B00FAB094 /* ShowPhotoVC.m */,
				A053D6901D2F31A700102A55 /* Supporting Files */,
			);
			path = IceKuangjia;
			sourceTree = "<group>";
		};
		A053D6901D2F31A700102A55 /* Supporting Files */ = {
			isa = PBXGroup;
			children = (
				A053D6991D2F31A700102A55 /* Main.storyboard */,
				A053D69C1D2F31A700102A55 /* Assets.xcassets */,
				A053D69E1D2F31A700102A55 /* LaunchScreen.storyboard */,
				A053D6A11D2F31A700102A55 /* Info.plist */,
				A04900101D547089009E4CCC /* PrefixHeader.pch */,
				C6425AAA1F20962D00A36A68 /* AlertView.h */,
				A04900111D5470A8009E4CCC /* Header.h */,
				A04900121D5470B8009E4CCC /* URLPath.h */,
				C6425AAB1F2096C000A36A68 /* ColorHeader.h */,
			);
			name = "Supporting Files";
			sourceTree = "<group>";
		};
		A053D6A91D2F31A700102A55 /* IceKuangjiaTests */ = {
			isa = PBXGroup;
			children = (
				A053D6AA1D2F31A700102A55 /* IceKuangjiaTests.m */,
				A053D6AC1D2F31A700102A55 /* Info.plist */,
			);
			path = IceKuangjiaTests;
			sourceTree = "<group>";
		};
		A053D6B41D2F31A700102A55 /* IceKuangjiaUITests */ = {
			isa = PBXGroup;
			children = (
				A053D6B51D2F31A700102A55 /* IceKuangjiaUITests.m */,
				A053D6B71D2F31A700102A55 /* Info.plist */,
			);
			path = IceKuangjiaUITests;
			sourceTree = "<group>";
		};
		AB81BCD191578D9B045DD4C1 /* Frameworks */ = {
			isa = PBXGroup;
			children = (
				07F55777BB5A588A099A118E /* Pods_IceKuangjia.framework */,
			);
			name = Frameworks;
			sourceTree = "<group>";
		};
		B2BA0F892DDD061A8D3207E6 /* Pods */ = {
			isa = PBXGroup;
			children = (
				39E4DD776DA925A656C12EEE /* Pods-IceKuangjia.debug.xcconfig */,
				DC360926EA2437532B4A4212 /* Pods-IceKuangjia.release.xcconfig */,
			);
			name = Pods;
			sourceTree = "<group>";
		};
		C67710F51F3868C9006F931E /* AnimationView */ = {
			isa = PBXGroup;
			children = (
				C67710FF1F3868E6006F931E /* CateGory */,
				C67710F61F3868D3006F931E /* ViewControllerDemoFour.h */,
				C67710F71F3868D3006F931E /* ViewControllerDemoFour.m */,
				C67710F81F3868D3006F931E /* ViewControllerDemoFive.h */,
				C67710F91F3868D3006F931E /* ViewControllerDemoFive.m */,
				C67710FA1F3868D3006F931E /* ViewControllerSix.h */,
				C67710FB1F3868D3006F931E /* ViewControllerSix.m */,
			);
			path = AnimationView;
			sourceTree = "<group>";
		};
		C67710FF1F3868E6006F931E /* CateGory */ = {
			isa = PBXGroup;
			children = (
				C67711001F3868E6006F931E /* UIColor+DDF.h */,
				C67711011F3868E6006F931E /* UIColor+DDF.m */,
				C67711021F3868E6006F931E /* UIDevice+CJ.h */,
				C67711031F3868E6006F931E /* UIDevice+CJ.m */,
				C67711041F3868E6006F931E /* UIImage+DDF.h */,
				C67711051F3868E6006F931E /* UIImage+DDF.m */,
				C67711061F3868E6006F931E /* UINavigationBar+CJ.h */,
				C67711071F3868E6006F931E /* UINavigationBar+CJ.m */,
				C67711081F3868E6006F931E /* UITabBar+badge.h */,
				C67711091F3868E6006F931E /* UITabBar+badge.m */,
				C677110A1F3868E6006F931E /* UIView+AutoLayout.h */,
				C677110B1F3868E6006F931E /* UIView+AutoLayout.m */,
			);
			path = CateGory;
			sourceTree = "<group>";
		};
		C68C40E51F28938900FFF310 /* keyboard */ = {
			isa = PBXGroup;
			children = (
				C68C40F81F2893D800FFF310 /* Resources */,
				C68C40E61F28939100FFF310 /* WBStatusHelper.h */,
				C68C40E71F28939100FFF310 /* WBStatusHelper.m */,
				C68C40E81F28939100FFF310 /* WBEmoticonInputView.h */,
				C68C40E91F28939100FFF310 /* WBEmoticonInputView.m */,
				C68C40EA1F28939100FFF310 /* WBStatusComposeTextParser.h */,
				C68C40EB1F28939100FFF310 /* WBStatusComposeTextParser.m */,
				C68C40EC1F28939100FFF310 /* WBModel.h */,
				C68C40ED1F28939100FFF310 /* WBModel.m */,
				C68C40EE1F28939100FFF310 /* EmotionModel.h */,
				C68C40EF1F28939100FFF310 /* EmotionModel.m */,
				C68C40F01F28939100FFF310 /* EmoticonInputView.h */,
				C68C40F11F28939100FFF310 /* EmoticonInputView.m */,
			);
			path = keyboard;
			sourceTree = "<group>";
		};
		C68C40F81F2893D800FFF310 /* Resources */ = {
			isa = PBXGroup;
			children = (
				C68C40F91F2893EF00FFF310 /* ResourceTwitter.bundle */,
				C68C40FA1F2893EF00FFF310 /* ResourceWeibo.bundle */,
				C68C40FB1F2893EF00FFF310 /* EmoticonWeibo.bundle */,
				C68C40FC1F2893EF00FFF310 /* EmoticonQQ.bundle */,
				C68C40FD1F2893EF00FFF310 /* niconiconi@2x.gif */,
				C68C40FE1F2893EF00FFF310 /* google@2x.webp */,
				C68C40FF1F2893EF00FFF310 /* nyancat@2x.webp */,
				C68C41001F2893EF00FFF310 /* pia@2x.png */,
				C68C41011F2893EF00FFF310 /* cube@2x.png */,
				C68C41021F2893EF00FFF310 /* wall-e@2x.webp */,
				C68C41031F2893EF00FFF310 /* mew_baseline.jpg */,
				C68C41041F2893EF00FFF310 /* mew_progressive.jpg */,
				C68C41051F2893EF00FFF310 /* mew_baseline.png */,
				C68C41061F2893EF00FFF310 /* mew_interlaced.png */,
				C68C41071F2893EF00FFF310 /* mew_baseline.gif */,
				C68C41081F2893EF00FFF310 /* mew_interlaced.gif */,
				C68C41091F2893EF00FFF310 /* Twitter@3x.jpg */,
				C68C410A1F2893EF00FFF310 /* Weibo@3x.jpg */,
				C68C410B1F2893EF00FFF310 /* dribbble64_imageio.png */,
				C68C410C1F2893EF00FFF310 /* dribbble128_imageio.png */,
				C68C410D1F2893EF00FFF310 /* dribbble256_imageio.png */,
				C68C410E1F2893EF00FFF310 /* dribbble512_imageio.png */,
				C68C410F1F2893EF00FFF310 /* ermilio_q15.bpg */,
				C68C41101F2893EF00FFF310 /* ermilio_q20.bpg */,
				C68C41111F2893EF00FFF310 /* ermilio_lossless.bpg */,
				C68C41121F2893EF00FFF310 /* ermilio_q85.webp */,
				C68C41131F2893EF00FFF310 /* ermilio_q90.webp */,
				C68C41141F2893EF00FFF310 /* ermilio_lossless.webp */,
				C68C41151F2893EF00FFF310 /* ermilio.gif */,
				C68C41161F2893EF00FFF310 /* ermilio.png */,
			);
			path = Resources;
			sourceTree = "<group>";
		};
/* End PBXGroup section */

/* Begin PBXNativeTarget section */
		A053D68C1D2F31A700102A55 /* IceKuangjia */ = {
			isa = PBXNativeTarget;
			buildConfigurationList = A053D6BA1D2F31A700102A55 /* Build configuration list for PBXNativeTarget "IceKuangjia" */;
			buildPhases = (
				1452E89A5C5A9137ADEC841D /* [CP] Check Pods Manifest.lock */,
				A053D6891D2F31A700102A55 /* Sources */,
				A053D68A1D2F31A700102A55 /* Frameworks */,
				A053D68B1D2F31A700102A55 /* Resources */,
				1264D79F8EEBBFC390D995E1 /* [CP] Embed Pods Frameworks */,
				DF86C783DEEC6EAF2839DB97 /* [CP] Copy Pods Resources */,
			);
			buildRules = (
			);
			dependencies = (
			);
			name = IceKuangjia;
			productName = IceKuangjia;
			productReference = A053D68D1D2F31A700102A55 /* IceKuangjia.app */;
			productType = "com.apple.product-type.application";
		};
		A053D6A51D2F31A700102A55 /* IceKuangjiaTests */ = {
			isa = PBXNativeTarget;
			buildConfigurationList = A053D6BD1D2F31A700102A55 /* Build configuration list for PBXNativeTarget "IceKuangjiaTests" */;
			buildPhases = (
				A053D6A21D2F31A700102A55 /* Sources */,
				A053D6A31D2F31A700102A55 /* Frameworks */,
				A053D6A41D2F31A700102A55 /* Resources */,
			);
			buildRules = (
			);
			dependencies = (
				A053D6A81D2F31A700102A55 /* PBXTargetDependency */,
			);
			name = IceKuangjiaTests;
			productName = IceKuangjiaTests;
			productReference = A053D6A61D2F31A700102A55 /* IceKuangjiaTests.xctest */;
			productType = "com.apple.product-type.bundle.unit-test";
		};
		A053D6B01D2F31A700102A55 /* IceKuangjiaUITests */ = {
			isa = PBXNativeTarget;
			buildConfigurationList = A053D6C01D2F31A700102A55 /* Build configuration list for PBXNativeTarget "IceKuangjiaUITests" */;
			buildPhases = (
				A053D6AD1D2F31A700102A55 /* Sources */,
				A053D6AE1D2F31A700102A55 /* Frameworks */,
				A053D6AF1D2F31A700102A55 /* Resources */,
			);
			buildRules = (
			);
			dependencies = (
				A053D6B31D2F31A700102A55 /* PBXTargetDependency */,
			);
			name = IceKuangjiaUITests;
			productName = IceKuangjiaUITests;
			productReference = A053D6B11D2F31A700102A55 /* IceKuangjiaUITests.xctest */;
			productType = "com.apple.product-type.bundle.ui-testing";
		};
/* End PBXNativeTarget section */

/* Begin PBXProject section */
		A053D6851D2F31A700102A55 /* Project object */ = {
			isa = PBXProject;
			attributes = {
				LastUpgradeCheck = 0720;
				ORGANIZATIONNAME = sanmi;
				TargetAttributes = {
					A053D68C1D2F31A700102A55 = {
						CreatedOnToolsVersion = 7.2.1;
						DevelopmentTeam = R24LQUDUMQ;
					};
					A053D6A51D2F31A700102A55 = {
						CreatedOnToolsVersion = 7.2.1;
						DevelopmentTeam = TSS8G68MGT;
						TestTargetID = A053D68C1D2F31A700102A55;
					};
					A053D6B01D2F31A700102A55 = {
						CreatedOnToolsVersion = 7.2.1;
						DevelopmentTeam = TSS8G68MGT;
						TestTargetID = A053D68C1D2F31A700102A55;
					};
				};
			};
			buildConfigurationList = A053D6881D2F31A700102A55 /* Build configuration list for PBXProject "IceKuangjia" */;
			compatibilityVersion = "Xcode 3.2";
			developmentRegion = English;
			hasScannedForEncodings = 0;
			knownRegions = (
				English,
				en,
				Base,
			);
			mainGroup = A053D6841D2F31A700102A55;
			productRefGroup = A053D68E1D2F31A700102A55 /* Products */;
			projectDirPath = "";
			projectRoot = "";
			targets = (
				A053D68C1D2F31A700102A55 /* IceKuangjia */,
				A053D6A51D2F31A700102A55 /* IceKuangjiaTests */,
				A053D6B01D2F31A700102A55 /* IceKuangjiaUITests */,
			);
		};
/* End PBXProject section */

/* Begin PBXResourcesBuildPhase section */
		A053D68B1D2F31A700102A55 /* Resources */ = {
			isa = PBXResourcesBuildPhase;
			buildActionMask = 2147483647;
			files = (
				C68C411E1F2893EF00FFF310 /* pia@2x.png in Resources */,
				C63B4EEE1ED7DB3D00436190 /* 7.jpg in Resources */,
				C63B4EEB1ED7DB3D00436190 /* 4.jpg in Resources */,
				C68C412D1F2893EF00FFF310 /* ermilio_q15.bpg in Resources */,
				C68C41311F2893EF00FFF310 /* ermilio_q90.webp in Resources */,
				C68C41261F2893EF00FFF310 /* mew_interlaced.gif in Resources */,
				C63B4EE91ED7DB3D00436190 /* 2.jpg in Resources */,
				C68C411A1F2893EF00FFF310 /* EmoticonQQ.bundle in Resources */,
				C68C41281F2893EF00FFF310 /* Weibo@3x.jpg in Resources */,
				C63B4EE71ED7DB3D00436190 /* 0.jpg in Resources */,
				C63B4EEC1ED7DB3D00436190 /* 5.jpg in Resources */,
				C68C41321F2893EF00FFF310 /* ermilio_lossless.webp in Resources */,
				C68C412C1F2893EF00FFF310 /* dribbble512_imageio.png in Resources */,
				C68C41241F2893EF00FFF310 /* mew_interlaced.png in Resources */,
				C68C41301F2893EF00FFF310 /* ermilio_q85.webp in Resources */,
				C68C41341F2893EF00FFF310 /* ermilio.png in Resources */,
				C68C41171F2893EF00FFF310 /* ResourceTwitter.bundle in Resources */,
				C68C41191F2893EF00FFF310 /* EmoticonWeibo.bundle in Resources */,
				C68C411B1F2893EF00FFF310 /* niconiconi@2x.gif in Resources */,
				C68C41201F2893EF00FFF310 /* wall-e@2x.webp in Resources */,
				C63B4EED1ED7DB3D00436190 /* 6.jpg in Resources */,
				A053D6A01D2F31A700102A55 /* LaunchScreen.storyboard in Resources */,
				A053D69D1D2F31A700102A55 /* Assets.xcassets in Resources */,
				C68C412F1F2893EF00FFF310 /* ermilio_lossless.bpg in Resources */,
				C68C41231F2893EF00FFF310 /* mew_baseline.png in Resources */,
				C68C41221F2893EF00FFF310 /* mew_progressive.jpg in Resources */,
				C68C41291F2893EF00FFF310 /* dribbble64_imageio.png in Resources */,
				C68C41181F2893EF00FFF310 /* ResourceWeibo.bundle in Resources */,
				A053D69B1D2F31A700102A55 /* Main.storyboard in Resources */,
				C68C412E1F2893EF00FFF310 /* ermilio_q20.bpg in Resources */,
				C63B4EEA1ED7DB3D00436190 /* 3.jpg in Resources */,
				C68C412B1F2893EF00FFF310 /* dribbble256_imageio.png in Resources */,
				C68C412A1F2893EF00FFF310 /* dribbble128_imageio.png in Resources */,
				C68C41331F2893EF00FFF310 /* ermilio.gif in Resources */,
				C63B4EE81ED7DB3D00436190 /* 1.jpg in Resources */,
				C68C41211F2893EF00FFF310 /* mew_baseline.jpg in Resources */,
				C68C411C1F2893EF00FFF310 /* google@2x.webp in Resources */,
				C68C411D1F2893EF00FFF310 /* nyancat@2x.webp in Resources */,
				C68C411F1F2893EF00FFF310 /* cube@2x.png in Resources */,
				C68C41251F2893EF00FFF310 /* mew_baseline.gif in Resources */,
				C68C41271F2893EF00FFF310 /* Twitter@3x.jpg in Resources */,
			);
			runOnlyForDeploymentPostprocessing = 0;
		};
		A053D6A41D2F31A700102A55 /* Resources */ = {
			isa = PBXResourcesBuildPhase;
			buildActionMask = 2147483647;
			files = (
			);
			runOnlyForDeploymentPostprocessing = 0;
		};
		A053D6AF1D2F31A700102A55 /* Resources */ = {
			isa = PBXResourcesBuildPhase;
			buildActionMask = 2147483647;
			files = (
			);
			runOnlyForDeploymentPostprocessing = 0;
		};
/* End PBXResourcesBuildPhase section */

/* Begin PBXShellScriptBuildPhase section */
		1264D79F8EEBBFC390D995E1 /* [CP] Embed Pods Frameworks */ = {
			isa = PBXShellScriptBuildPhase;
			buildActionMask = 2147483647;
			files = (
			);
			inputPaths = (
				"${SRCROOT}/Pods/Target Support Files/Pods-IceKuangjia/Pods-IceKuangjia-frameworks.sh",
				"${BUILT_PRODUCTS_DIR}/AFNetworking/AFNetworking.framework",
				"${BUILT_PRODUCTS_DIR}/MJExtension/MJExtension.framework",
				"${BUILT_PRODUCTS_DIR}/MJRefresh/MJRefresh.framework",
				"${BUILT_PRODUCTS_DIR}/Masonry/Masonry.framework",
				"${BUILT_PRODUCTS_DIR}/SDWebImage/SDWebImage.framework",
				"${BUILT_PRODUCTS_DIR}/SVProgressHUD/SVProgressHUD.framework",
				"${BUILT_PRODUCTS_DIR}/YYKit/YYKit.framework",
			);
			name = "[CP] Embed Pods Frameworks";
			outputPaths = (
				"${TARGET_BUILD_DIR}/${FRAMEWORKS_FOLDER_PATH}/AFNetworking.framework",
				"${TARGET_BUILD_DIR}/${FRAMEWORKS_FOLDER_PATH}/MJExtension.framework",
				"${TARGET_BUILD_DIR}/${FRAMEWORKS_FOLDER_PATH}/MJRefresh.framework",
				"${TARGET_BUILD_DIR}/${FRAMEWORKS_FOLDER_PATH}/Masonry.framework",
				"${TARGET_BUILD_DIR}/${FRAMEWORKS_FOLDER_PATH}/SDWebImage.framework",
				"${TARGET_BUILD_DIR}/${FRAMEWORKS_FOLDER_PATH}/SVProgressHUD.framework",
				"${TARGET_BUILD_DIR}/${FRAMEWORKS_FOLDER_PATH}/YYKit.framework",
			);
			runOnlyForDeploymentPostprocessing = 0;
			shellPath = /bin/sh;
			shellScript = "\"${SRCROOT}/Pods/Target Support Files/Pods-IceKuangjia/Pods-IceKuangjia-frameworks.sh\"\n";
			showEnvVarsInLog = 0;
		};
		1452E89A5C5A9137ADEC841D /* [CP] Check Pods Manifest.lock */ = {
			isa = PBXShellScriptBuildPhase;
			buildActionMask = 2147483647;
			files = (
			);
			inputPaths = (
				"${PODS_PODFILE_DIR_PATH}/Podfile.lock",
				"${PODS_ROOT}/Manifest.lock",
			);
			name = "[CP] Check Pods Manifest.lock";
			outputPaths = (
				"$(DERIVED_FILE_DIR)/Pods-IceKuangjia-checkManifestLockResult.txt",
			);
			runOnlyForDeploymentPostprocessing = 0;
			shellPath = /bin/sh;
			shellScript = "diff \"${PODS_PODFILE_DIR_PATH}/Podfile.lock\" \"${PODS_ROOT}/Manifest.lock\" > /dev/null\nif [ $? != 0 ] ; then\n    # print error to STDERR\n    echo \"error: The sandbox is not in sync with the Podfile.lock. Run 'pod install' or update your CocoaPods installation.\" >&2\n    exit 1\nfi\n# This output is used by Xcode 'outputs' to avoid re-running this script phase.\necho \"SUCCESS\" > \"${SCRIPT_OUTPUT_FILE_0}\"\n";
			showEnvVarsInLog = 0;
		};
		DF86C783DEEC6EAF2839DB97 /* [CP] Copy Pods Resources */ = {
			isa = PBXShellScriptBuildPhase;
			buildActionMask = 2147483647;
			files = (
			);
			inputPaths = (
			);
			name = "[CP] Copy Pods Resources";
			outputPaths = (
			);
			runOnlyForDeploymentPostprocessing = 0;
			shellPath = /bin/sh;
			shellScript = "\"${SRCROOT}/Pods/Target Support Files/Pods-IceKuangjia/Pods-IceKuangjia-resources.sh\"\n";
			showEnvVarsInLog = 0;
		};
/* End PBXShellScriptBuildPhase section */

/* Begin PBXSourcesBuildPhase section */
		A053D6891D2F31A700102A55 /* Sources */ = {
			isa = PBXSourcesBuildPhase;
			buildActionMask = 2147483647;
			files = (
				C6425AA91F20934A00A36A68 /* EPGetAddress.m in Sources */,
				C68C40F41F28939100FFF310 /* WBStatusComposeTextParser.m in Sources */,
				C6A765401EF1245C0042A0C5 /* HWHttpTool.m in Sources */,
				C6F2462B1F318481008BB1C1 /* KeyChainStore.m in Sources */,
				9E657E5F20C13B9F00C64410 /* NSData+AES128.m in Sources */,
				A049005C1D549729009E4CCC /* SLUChatToolBar.m in Sources */,
				C67710FD1F3868D3006F931E /* ViewControllerDemoFive.m in Sources */,
				A04900551D549122009E4CCC /* ViewController.m in Sources */,
				9E74C3D6222CC7A600A62FBA /* QRCodeView.m in Sources */,
				C68C40F61F28939100FFF310 /* EmotionModel.m in Sources */,
				C67711101F3868E6006F931E /* UIImage+DDF.m in Sources */,
				9E115C811FB984E40002A7F4 /* UIView+EBAddMessage.m in Sources */,
				A04900371D548F0E009E4CCC /* AppDelegate.m in Sources */,
				A04900321D548F07009E4CCC /* IceViewController.m in Sources */,
				9E74712E20D0F67600D28D19 /* TPLoanViewController.m in Sources */,
				9E9336CF244959D300926831 /* UIImage+Extension.m in Sources */,
				9E9336D0244959D300926831 /* IceTextField.m in Sources */,
				C67711121F3868E6006F931E /* UITabBar+badge.m in Sources */,
				A04900591D54930E009E4CCC /* SMGlobalMethod.m in Sources */,
				9EFFC64E1FB1608E00FAB094 /* UIImageView+CornerRadius.m in Sources */,
				A049002F1D548F07009E4CCC /* IceTabBar.m in Sources */,
				C57B523B1E8E45F90074811D /* TimeHelper.m in Sources */,
				9EFFC6541FB1A23B00FAB094 /* ShowPhotoVC.m in Sources */,
				C68C40F71F28939100FFF310 /* EmoticonInputView.m in Sources */,
				9E18ACDE211935810048A92B /* IceTextView.m in Sources */,
				A04900301D548F07009E4CCC /* IceTabBarController.m in Sources */,
				A049000C1D547068009E4CCC /* SecondViewController.m in Sources */,
				C67710FC1F3868D3006F931E /* ViewControllerDemoFour.m in Sources */,
				C677110F1F3868E6006F931E /* UIDevice+CJ.m in Sources */,
				C68C40F31F28939100FFF310 /* WBEmoticonInputView.m in Sources */,
				C67711111F3868E6006F931E /* UINavigationBar+CJ.m in Sources */,
				A0DC53611D6FDE33000CE11B /* IceCirculationView.m in Sources */,
				A049002E1D548F07009E4CCC /* IceNavigationController.m in Sources */,
				9EFFC6511FB19B3D00FAB094 /* EPAlertViewShow.m in Sources */,
				C677110E1F3868E6006F931E /* UIColor+DDF.m in Sources */,
				9E74C3D8222CC7A600A62FBA /* VideoDeviceAuthorization.m in Sources */,
				9E9336D324495A0600926831 /* EBPageView.m in Sources */,
				9E18ACF52119973E0048A92B /* AES128Util.m in Sources */,
				C67710FE1F3868D3006F931E /* ViewControllerSix.m in Sources */,
				A049001C1D548097009E4CCC /* ForthViewController.m in Sources */,
				9E74C3D7222CC7A600A62FBA /* QRCodeRectViewVC.m in Sources */,
				C68C40F51F28939100FFF310 /* WBModel.m in Sources */,
				9E18ACF121198F8E0048A92B /* NSData+NEUAES.m in Sources */,
				9E657E6220C13BE500C64410 /* FSAES128.m in Sources */,
				A04900381D548F0E009E4CCC /* main.m in Sources */,
				9E18ACE3211943110048A92B /* NEUBase64.m in Sources */,
				C67711131F3868E6006F931E /* UIView+AutoLayout.m in Sources */,
				C6D1BD641F3031D700C38072 /* GetPhotoToolBar.m in Sources */,
				C6777DEE1F29CC8D00093A37 /* IceCutScreen.m in Sources */,
				A04900521D5490AB009E4CCC /* UIView+Extension.m in Sources */,
				9E18ACEC21198D0C0048A92B /* NSString+RXUtility.m in Sources */,
				C68C40F21F28939100FFF310 /* WBStatusHelper.m in Sources */,
				A049000F1D54706F009E4CCC /* ThirdViewController.m in Sources */,
				9EFFC6571FB1A4FD00FAB094 /* IceImageView.m in Sources */,
				A04900311D548F07009E4CCC /* IceTableViewController.m in Sources */,
				A04900091D54705A009E4CCC /* FirstViewController.m in Sources */,
				9E74C3D9222CC7A600A62FBA /* CutOutClearView.m in Sources */,
				9E115C7B1FB9841F0002A7F4 /* JPFPSStatus.m in Sources */,
			);
			runOnlyForDeploymentPostprocessing = 0;
		};
		A053D6A21D2F31A700102A55 /* Sources */ = {
			isa = PBXSourcesBuildPhase;
			buildActionMask = 2147483647;
			files = (
				A053D6AB1D2F31A700102A55 /* IceKuangjiaTests.m in Sources */,
			);
			runOnlyForDeploymentPostprocessing = 0;
		};
		A053D6AD1D2F31A700102A55 /* Sources */ = {
			isa = PBXSourcesBuildPhase;
			buildActionMask = 2147483647;
			files = (
				A053D6B61D2F31A700102A55 /* IceKuangjiaUITests.m in Sources */,
			);
			runOnlyForDeploymentPostprocessing = 0;
		};
/* End PBXSourcesBuildPhase section */

/* Begin PBXTargetDependency section */
		A053D6A81D2F31A700102A55 /* PBXTargetDependency */ = {
			isa = PBXTargetDependency;
			target = A053D68C1D2F31A700102A55 /* IceKuangjia */;
			targetProxy = A053D6A71D2F31A700102A55 /* PBXContainerItemProxy */;
		};
		A053D6B31D2F31A700102A55 /* PBXTargetDependency */ = {
			isa = PBXTargetDependency;
			target = A053D68C1D2F31A700102A55 /* IceKuangjia */;
			targetProxy = A053D6B21D2F31A700102A55 /* PBXContainerItemProxy */;
		};
/* End PBXTargetDependency section */

/* Begin PBXVariantGroup section */
		A053D6991D2F31A700102A55 /* Main.storyboard */ = {
			isa = PBXVariantGroup;
			children = (
				A053D69A1D2F31A700102A55 /* Base */,
			);
			name = Main.storyboard;
			sourceTree = "<group>";
		};
		A053D69E1D2F31A700102A55 /* LaunchScreen.storyboard */ = {
			isa = PBXVariantGroup;
			children = (
				A053D69F1D2F31A700102A55 /* Base */,
			);
			name = LaunchScreen.storyboard;
			sourceTree = "<group>";
		};
/* End PBXVariantGroup section */

/* Begin XCBuildConfiguration section */
		A053D6B81D2F31A700102A55 /* Debug */ = {
			isa = XCBuildConfiguration;
			buildSettings = {
				ALWAYS_SEARCH_USER_PATHS = NO;
				CLANG_CXX_LANGUAGE_STANDARD = "gnu++0x";
				CLANG_CXX_LIBRARY = "libc++";
				CLANG_ENABLE_MODULES = YES;
				CLANG_ENABLE_OBJC_ARC = YES;
				CLANG_WARN_BOOL_CONVERSION = YES;
				CLANG_WARN_CONSTANT_CONVERSION = YES;
				CLANG_WARN_DIRECT_OBJC_ISA_USAGE = YES_ERROR;
				CLANG_WARN_EMPTY_BODY = YES;
				CLANG_WARN_ENUM_CONVERSION = YES;
				CLANG_WARN_INT_CONVERSION = YES;
				CLANG_WARN_OBJC_ROOT_CLASS = YES_ERROR;
				CLANG_WARN_UNREACHABLE_CODE = YES;
				CLANG_WARN__DUPLICATE_METHOD_MATCH = YES;
				"CODE_SIGN_IDENTITY[sdk=iphoneos*]" = "iPhone Developer";
				COPY_PHASE_STRIP = NO;
				DEBUG_INFORMATION_FORMAT = dwarf;
				ENABLE_STRICT_OBJC_MSGSEND = YES;
				ENABLE_TESTABILITY = YES;
				GCC_C_LANGUAGE_STANDARD = gnu99;
				GCC_DYNAMIC_NO_PIC = NO;
				GCC_NO_COMMON_BLOCKS = YES;
				GCC_OPTIMIZATION_LEVEL = 0;
				GCC_PREPROCESSOR_DEFINITIONS = (
					"DEBUG=1",
					"$(inherited)",
				);
				GCC_WARN_64_TO_32_BIT_CONVERSION = YES;
				GCC_WARN_ABOUT_RETURN_TYPE = YES_ERROR;
				GCC_WARN_UNDECLARED_SELECTOR = YES;
				GCC_WARN_UNINITIALIZED_AUTOS = YES_AGGRESSIVE;
				GCC_WARN_UNUSED_FUNCTION = YES;
				GCC_WARN_UNUSED_VARIABLE = YES;
				IPHONEOS_DEPLOYMENT_TARGET = 9.2;
				MTL_ENABLE_DEBUG_INFO = YES;
				ONLY_ACTIVE_ARCH = YES;
				SDKROOT = iphoneos;
				TARGETED_DEVICE_FAMILY = "1,2";
			};
			name = Debug;
		};
		A053D6B91D2F31A700102A55 /* Release */ = {
			isa = XCBuildConfiguration;
			buildSettings = {
				ALWAYS_SEARCH_USER_PATHS = NO;
				CLANG_CXX_LANGUAGE_STANDARD = "gnu++0x";
				CLANG_CXX_LIBRARY = "libc++";
				CLANG_ENABLE_MODULES = YES;
				CLANG_ENABLE_OBJC_ARC = YES;
				CLANG_WARN_BOOL_CONVERSION = YES;
				CLANG_WARN_CONSTANT_CONVERSION = YES;
				CLANG_WARN_DIRECT_OBJC_ISA_USAGE = YES_ERROR;
				CLANG_WARN_EMPTY_BODY = YES;
				CLANG_WARN_ENUM_CONVERSION = YES;
				CLANG_WARN_INT_CONVERSION = YES;
				CLANG_WARN_OBJC_ROOT_CLASS = YES_ERROR;
				CLANG_WARN_UNREACHABLE_CODE = YES;
				CLANG_WARN__DUPLICATE_METHOD_MATCH = YES;
				"CODE_SIGN_IDENTITY[sdk=iphoneos*]" = "iPhone Developer";
				COPY_PHASE_STRIP = NO;
				DEBUG_INFORMATION_FORMAT = "dwarf-with-dsym";
				ENABLE_NS_ASSERTIONS = NO;
				ENABLE_STRICT_OBJC_MSGSEND = YES;
				GCC_C_LANGUAGE_STANDARD = gnu99;
				GCC_NO_COMMON_BLOCKS = YES;
				GCC_WARN_64_TO_32_BIT_CONVERSION = YES;
				GCC_WARN_ABOUT_RETURN_TYPE = YES_ERROR;
				GCC_WARN_UNDECLARED_SELECTOR = YES;
				GCC_WARN_UNINITIALIZED_AUTOS = YES_AGGRESSIVE;
				GCC_WARN_UNUSED_FUNCTION = YES;
				GCC_WARN_UNUSED_VARIABLE = YES;
				IPHONEOS_DEPLOYMENT_TARGET = 9.2;
				MTL_ENABLE_DEBUG_INFO = NO;
				SDKROOT = iphoneos;
				TARGETED_DEVICE_FAMILY = "1,2";
				VALIDATE_PRODUCT = YES;
			};
			name = Release;
		};
		A053D6BB1D2F31A700102A55 /* Debug */ = {
			isa = XCBuildConfiguration;
			baseConfigurationReference = 39E4DD776DA925A656C12EEE /* Pods-IceKuangjia.debug.xcconfig */;
			buildSettings = {
				ASSETCATALOG_COMPILER_APPICON_NAME = AppIcon;
				DEVELOPMENT_TEAM = R24LQUDUMQ;
				GCC_PREFIX_HEADER = "$(SRCROOT)/IceKuangjia/PrefixHeader.pch";
				INFOPLIST_FILE = IceKuangjia/Info.plist;
				IPHONEOS_DEPLOYMENT_TARGET = 9.0;
				LD_RUNPATH_SEARCH_PATHS = "$(inherited) @executable_path/Frameworks";
				PRODUCT_BUNDLE_IDENTIFIER = Ice.IceKuangjia;
				PRODUCT_NAME = "$(TARGET_NAME)";
			};
			name = Debug;
		};
		A053D6BC1D2F31A700102A55 /* Release */ = {
			isa = XCBuildConfiguration;
			baseConfigurationReference = DC360926EA2437532B4A4212 /* Pods-IceKuangjia.release.xcconfig */;
			buildSettings = {
				ASSETCATALOG_COMPILER_APPICON_NAME = AppIcon;
				DEVELOPMENT_TEAM = R24LQUDUMQ;
				GCC_PREFIX_HEADER = "$(SRCROOT)/IceKuangjia/PrefixHeader.pch";
				INFOPLIST_FILE = IceKuangjia/Info.plist;
				IPHONEOS_DEPLOYMENT_TARGET = 9.0;
				LD_RUNPATH_SEARCH_PATHS = "$(inherited) @executable_path/Frameworks";
				PRODUCT_BUNDLE_IDENTIFIER = Ice.IceKuangjia;
				PRODUCT_NAME = "$(TARGET_NAME)";
			};
			name = Release;
		};
		A053D6BE1D2F31A700102A55 /* Debug */ = {
			isa = XCBuildConfiguration;
			buildSettings = {
				BUNDLE_LOADER = "$(TEST_HOST)";
				INFOPLIST_FILE = IceKuangjiaTests/Info.plist;
				LD_RUNPATH_SEARCH_PATHS = "$(inherited) @executable_path/Frameworks @loader_path/Frameworks";
				PRODUCT_BUNDLE_IDENTIFIER = Ice.IceKuangjiaTests;
				PRODUCT_NAME = "$(TARGET_NAME)";
				TEST_HOST = "$(BUILT_PRODUCTS_DIR)/IceKuangjia.app/IceKuangjia";
			};
			name = Debug;
		};
		A053D6BF1D2F31A700102A55 /* Release */ = {
			isa = XCBuildConfiguration;
			buildSettings = {
				BUNDLE_LOADER = "$(TEST_HOST)";
				INFOPLIST_FILE = IceKuangjiaTests/Info.plist;
				LD_RUNPATH_SEARCH_PATHS = "$(inherited) @executable_path/Frameworks @loader_path/Frameworks";
				PRODUCT_BUNDLE_IDENTIFIER = Ice.IceKuangjiaTests;
				PRODUCT_NAME = "$(TARGET_NAME)";
				TEST_HOST = "$(BUILT_PRODUCTS_DIR)/IceKuangjia.app/IceKuangjia";
			};
			name = Release;
		};
		A053D6C11D2F31A700102A55 /* Debug */ = {
			isa = XCBuildConfiguration;
			buildSettings = {
				INFOPLIST_FILE = IceKuangjiaUITests/Info.plist;
				LD_RUNPATH_SEARCH_PATHS = "$(inherited) @executable_path/Frameworks @loader_path/Frameworks";
				PRODUCT_BUNDLE_IDENTIFIER = Ice.IceKuangjiaUITests;
				PRODUCT_NAME = "$(TARGET_NAME)";
				TEST_TARGET_NAME = IceKuangjia;
				USES_XCTRUNNER = YES;
			};
			name = Debug;
		};
		A053D6C21D2F31A700102A55 /* Release */ = {
			isa = XCBuildConfiguration;
			buildSettings = {
				INFOPLIST_FILE = IceKuangjiaUITests/Info.plist;
				LD_RUNPATH_SEARCH_PATHS = "$(inherited) @executable_path/Frameworks @loader_path/Frameworks";
				PRODUCT_BUNDLE_IDENTIFIER = Ice.IceKuangjiaUITests;
				PRODUCT_NAME = "$(TARGET_NAME)";
				TEST_TARGET_NAME = IceKuangjia;
				USES_XCTRUNNER = YES;
			};
			name = Release;
		};
/* End XCBuildConfiguration section */

/* Begin XCConfigurationList section */
		A053D6881D2F31A700102A55 /* Build configuration list for PBXProject "IceKuangjia" */ = {
			isa = XCConfigurationList;
			buildConfigurations = (
				A053D6B81D2F31A700102A55 /* Debug */,
				A053D6B91D2F31A700102A55 /* Release */,
			);
			defaultConfigurationIsVisible = 0;
			defaultConfigurationName = Release;
		};
		A053D6BA1D2F31A700102A55 /* Build configuration list for PBXNativeTarget "IceKuangjia" */ = {
			isa = XCConfigurationList;
			buildConfigurations = (
				A053D6BB1D2F31A700102A55 /* Debug */,
				A053D6BC1D2F31A700102A55 /* Release */,
			);
			defaultConfigurationIsVisible = 0;
			defaultConfigurationName = Release;
		};
		A053D6BD1D2F31A700102A55 /* Build configuration list for PBXNativeTarget "IceKuangjiaTests" */ = {
			isa = XCConfigurationList;
			buildConfigurations = (
				A053D6BE1D2F31A700102A55 /* Debug */,
				A053D6BF1D2F31A700102A55 /* Release */,
			);
			defaultConfigurationIsVisible = 0;
			defaultConfigurationName = Release;
		};
		A053D6C01D2F31A700102A55 /* Build configuration list for PBXNativeTarget "IceKuangjiaUITests" */ = {
			isa = XCConfigurationList;
			buildConfigurations = (
				A053D6C11D2F31A700102A55 /* Debug */,
				A053D6C21D2F31A700102A55 /* Release */,
			);
			defaultConfigurationIsVisible = 0;
			defaultConfigurationName = Release;
		};
/* End XCConfigurationList section */
	};
	rootObject = A053D6851D2F31A700102A55 /* Project object */;
}
